
Microsoft Visual Studio Solution File, Format Version 11.00
# Visual Studio 2010
Project("{FAE04EC0-301F-11D3-BF4B-00C04F79EFBC}") = "workwear", "workwear\workwear.csproj", "{63B06122-016A-42D4-B621-8E0F9FA8E738}"
EndProject
Project("{2150E333-8FDC-42A3-9474-1A3956D46DE8}") = "QSLibs", "QSLibs", "{792D3656-91FD-45AA-A40B-A0D63306A113}"
EndProject
Project("{FAE04EC0-301F-11D3-BF4B-00C04F79EFBC}") = "QSBugReporting", "..\QSProjects\QSBugReporting\QSBugReporting.csproj", "{F8E01CD3-8BDD-403B-8264-0ED24AC3FA21}"
EndProject
Project("{FAE04EC0-301F-11D3-BF4B-00C04F79EFBC}") = "QSProjectsLib", "..\QSProjects\QSProjectsLib\QSProjectsLib.csproj", "{A6C1914F-7732-49F5-BABA-8BBBA521FAAB}"
EndProject
Project("{FAE04EC0-301F-11D3-BF4B-00C04F79EFBC}") = "QSSaaS", "..\QSProjects\QSSaaS\QSSaaS.csproj", "{4B502FE5-D419-4B5C-9276-0A25EF2F508A}"
EndProject
Project("{FAE04EC0-301F-11D3-BF4B-00C04F79EFBC}") = "QSSupportLib", "..\QSProjects\QSSupportLib\QSSupportLib.csproj", "{9DF71899-3CE4-48F4-B3C3-0B21B15037B1}"
EndProject
Project("{FAE04EC0-301F-11D3-BF4B-00C04F79EFBC}") = "QSUpdater", "..\QSProjects\QSUpdater\QSUpdater.csproj", "{6D755374-6EAF-44B6-8C6C-6FE5E5AB3432}"
EndProject
Project("{FAE04EC0-301F-11D3-BF4B-00C04F79EFBC}") = "QSWidgetLib", "..\QSProjects\QSWidgetLib\QSWidgetLib.csproj", "{5A2BB01E-E124-432E-8099-D1343D3897B9}"
EndProject
Project("{FAE04EC0-301F-11D3-BF4B-00C04F79EFBC}") = "QSOrmProject", "..\QSProjects\QSOrmProject\QSOrmProject.csproj", "{00D32969-612C-417E-9565-BEC6A7719F80}"
EndProject
Project("{FAE04EC0-301F-11D3-BF4B-00C04F79EFBC}") = "QSTDI", "..\QSProjects\QSTDI\QSTDI.csproj", "{4B35C969-8C74-440F-8189-57047C9215FD}"
EndProject
Project("{FAE04EC0-301F-11D3-BF4B-00C04F79EFBC}") = "QSValidation", "..\QSProjects\QSValidation\QSValidation.csproj", "{CE5179E8-3172-4C08-9FE3-9C48C58A3831}"
EndProject
Project("{FAE04EC0-301F-11D3-BF4B-00C04F79EFBC}") = "QSBusinessCommon", "..\QSProjects\Modules\QSBusinessCommon\QSBusinessCommon.csproj", "{AD329D59-938D-42AC-ABE2-B0F14FDBB7C6}"
EndProject
Project("{FAE04EC0-301F-11D3-BF4B-00C04F79EFBC}") = "QSMachineConfig", "..\QSProjects\QSMachineConfig\QSMachineConfig.csproj", "{769710D2-BF98-4120-9E07-67BD740CFA1D}"
EndProject
Project("{2150E333-8FDC-42A3-9474-1A3956D46DE8}") = "External", "External", "{18CAA370-49FE-4023-9602-708344350314}"
EndProject
Project("{2150E333-8FDC-42A3-9474-1A3956D46DE8}") = "GammaBinding", "GammaBinding", "{0033159F-9183-42E9-AF46-7DF28E41B797}"
EndProject
Project("{FAE04EC0-301F-11D3-BF4B-00C04F79EFBC}") = "GammaUtil", "..\GammaBinding\GammaUtil\GammaUtil.csproj", "{1BF2A638-420D-456C-96A7-36873A0FB894}"
EndProject
Project("{FAE04EC0-301F-11D3-BF4B-00C04F79EFBC}") = "GammaBinding", "..\GammaBinding\GammaBinding\GammaBinding.csproj", "{190CEA0D-EA23-4C91-8030-203A5AFED7B7}"
EndProject
Project("{2150E333-8FDC-42A3-9474-1A3956D46DE8}") = "Gtk.DataBindings", "Gtk.DataBindings", "{42079D47-D372-4DEE-B9BE-FB5B56A70DC2}"
EndProject
Project("{FAE04EC0-301F-11D3-BF4B-00C04F79EFBC}") = "System.Data.Bindings", "..\Gtk.DataBindings\System.Data.Bindings\System.Data.Bindings.csproj", "{54F958F5-7E58-4C89-9A04-8835E63B97C3}"
EndProject
Project("{FAE04EC0-301F-11D3-BF4B-00C04F79EFBC}") = "QSExtraGammaWidgets", "..\QSProjects\QSExtraGammaWidgets\QSExtraGammaWidgets.csproj", "{3DCDD84A-20D0-4939-BE25-58B19F3961F2}"
EndProject
Project("{FAE04EC0-301F-11D3-BF4B-00C04F79EFBC}") = "QSTelemetry", "..\QSProjects\QSTelemetry\QSTelemetry.csproj", "{EB4F19F8-2CC9-4712-9949-760A441A56FE}"
EndProject
Project("{FAE04EC0-301F-11D3-BF4B-00C04F79EFBC}") = "QSReport", "..\QSProjects\QSReport\QSReport.csproj", "{9C0363D4-EE69-45B8-BA45-BDA24CE35A06}"
EndProject
Project("{2150E333-8FDC-42A3-9474-1A3956D46DE8}") = "MajorsilenceReporting", "MajorsilenceReporting", "{5419AAE0-04BE-4258-A2C0-F4D3F3FCA295}"
EndProject
Project("{FAE04EC0-301F-11D3-BF4B-00C04F79EFBC}") = "RdlGtkViewer", "..\My-FyiReporting\RdlGtkViewer\RdlGtkViewer\RdlGtkViewer.csproj", "{921488F1-F4FC-4438-920E-86E57442B253}"
EndProject
Project("{FAE04EC0-301F-11D3-BF4B-00C04F79EFBC}") = "RdlEngine", "..\My-FyiReporting\RdlEngine\RdlEngine.csproj", "{C97E91F4-B310-44E2-9B6C-96775395722D}"
EndProject
Project("{FAE04EC0-301F-11D3-BF4B-00C04F79EFBC}") = "DataProviders", "..\My-FyiReporting\DataProviders\DataProviders.csproj", "{D9F4197F-52D2-49F0-8DAF-E2884733CF2D}"
EndProject
Global
	GlobalSection(SolutionConfigurationPlatforms) = preSolution
		Debug|x86 = Debug|x86
		Release|x86 = Release|x86
		Debug|x64 = Debug|x64
		Release|x64 = Release|x64
		BundleLinux|Any CPU = BundleLinux|Any CPU
		BundleLinux|x86 = BundleLinux|x86
		BundleLinux|x64 = BundleLinux|x64
		ReleaseWin|x86 = ReleaseWin|x86
	EndGlobalSection
	GlobalSection(ProjectConfigurationPlatforms) = postSolution
		{00D32969-612C-417E-9565-BEC6A7719F80}.Debug|x86.ActiveCfg = Debug|Any CPU
		{00D32969-612C-417E-9565-BEC6A7719F80}.Debug|x86.Build.0 = Debug|Any CPU
		{00D32969-612C-417E-9565-BEC6A7719F80}.Release|x86.ActiveCfg = Release|Any CPU
		{00D32969-612C-417E-9565-BEC6A7719F80}.Release|x86.Build.0 = Release|Any CPU
		{00D32969-612C-417E-9565-BEC6A7719F80}.ReleaseWin|x86.ActiveCfg = Release|Any CPU
		{00D32969-612C-417E-9565-BEC6A7719F80}.ReleaseWin|x86.Build.0 = Release|Any CPU
		{190CEA0D-EA23-4C91-8030-203A5AFED7B7}.Debug|x86.ActiveCfg = Debug|Any CPU
		{190CEA0D-EA23-4C91-8030-203A5AFED7B7}.Debug|x86.Build.0 = Debug|Any CPU
		{190CEA0D-EA23-4C91-8030-203A5AFED7B7}.Release|x86.ActiveCfg = Release|Any CPU
		{190CEA0D-EA23-4C91-8030-203A5AFED7B7}.Release|x86.Build.0 = Release|Any CPU
		{190CEA0D-EA23-4C91-8030-203A5AFED7B7}.ReleaseWin|x86.ActiveCfg = Release|Any CPU
		{190CEA0D-EA23-4C91-8030-203A5AFED7B7}.ReleaseWin|x86.Build.0 = Release|Any CPU
		{1BF2A638-420D-456C-96A7-36873A0FB894}.Debug|x86.ActiveCfg = Debug|Any CPU
		{1BF2A638-420D-456C-96A7-36873A0FB894}.Debug|x86.Build.0 = Debug|Any CPU
		{1BF2A638-420D-456C-96A7-36873A0FB894}.Release|x86.ActiveCfg = Release|Any CPU
		{1BF2A638-420D-456C-96A7-36873A0FB894}.Release|x86.Build.0 = Release|Any CPU
		{1BF2A638-420D-456C-96A7-36873A0FB894}.ReleaseWin|x86.ActiveCfg = Release|Any CPU
		{1BF2A638-420D-456C-96A7-36873A0FB894}.ReleaseWin|x86.Build.0 = Release|Any CPU
		{4B35C969-8C74-440F-8189-57047C9215FD}.Debug|x86.ActiveCfg = Debug|Any CPU
		{4B35C969-8C74-440F-8189-57047C9215FD}.Debug|x86.Build.0 = Debug|Any CPU
		{4B35C969-8C74-440F-8189-57047C9215FD}.Release|x86.ActiveCfg = Release|Any CPU
		{4B35C969-8C74-440F-8189-57047C9215FD}.Release|x86.Build.0 = Release|Any CPU
		{4B35C969-8C74-440F-8189-57047C9215FD}.ReleaseWin|x86.ActiveCfg = Release|Any CPU
		{4B35C969-8C74-440F-8189-57047C9215FD}.ReleaseWin|x86.Build.0 = Release|Any CPU
		{4B502FE5-D419-4B5C-9276-0A25EF2F508A}.Debug|x86.ActiveCfg = Debug|x86
		{4B502FE5-D419-4B5C-9276-0A25EF2F508A}.Debug|x86.Build.0 = Debug|x86
		{4B502FE5-D419-4B5C-9276-0A25EF2F508A}.Release|x86.ActiveCfg = Release|x86
		{4B502FE5-D419-4B5C-9276-0A25EF2F508A}.Release|x86.Build.0 = Release|x86
		{4B502FE5-D419-4B5C-9276-0A25EF2F508A}.ReleaseWin|x86.ActiveCfg = Release|x86
		{4B502FE5-D419-4B5C-9276-0A25EF2F508A}.ReleaseWin|x86.Build.0 = Release|x86
		{54F958F5-7E58-4C89-9A04-8835E63B97C3}.Debug|x86.ActiveCfg = Debug|Any CPU
		{54F958F5-7E58-4C89-9A04-8835E63B97C3}.Debug|x86.Build.0 = Debug|Any CPU
		{54F958F5-7E58-4C89-9A04-8835E63B97C3}.Release|x86.ActiveCfg = Release|Any CPU
		{54F958F5-7E58-4C89-9A04-8835E63B97C3}.Release|x86.Build.0 = Release|Any CPU
		{54F958F5-7E58-4C89-9A04-8835E63B97C3}.ReleaseWin|x86.ActiveCfg = Release|Any CPU
		{54F958F5-7E58-4C89-9A04-8835E63B97C3}.ReleaseWin|x86.Build.0 = Release|Any CPU
		{5A2BB01E-E124-432E-8099-D1343D3897B9}.Debug|x86.ActiveCfg = Debug|Any CPU
		{5A2BB01E-E124-432E-8099-D1343D3897B9}.Debug|x86.Build.0 = Debug|Any CPU
		{5A2BB01E-E124-432E-8099-D1343D3897B9}.Release|x86.ActiveCfg = Release|Any CPU
		{5A2BB01E-E124-432E-8099-D1343D3897B9}.Release|x86.Build.0 = Release|Any CPU
		{5A2BB01E-E124-432E-8099-D1343D3897B9}.ReleaseWin|x86.ActiveCfg = Release|Any CPU
		{5A2BB01E-E124-432E-8099-D1343D3897B9}.ReleaseWin|x86.Build.0 = Release|Any CPU
		{63B06122-016A-42D4-B621-8E0F9FA8E738}.Debug|x86.ActiveCfg = Debug|x86
		{63B06122-016A-42D4-B621-8E0F9FA8E738}.Debug|x86.Build.0 = Debug|x86
		{63B06122-016A-42D4-B621-8E0F9FA8E738}.Release|x86.ActiveCfg = Release|x86
		{63B06122-016A-42D4-B621-8E0F9FA8E738}.Release|x86.Build.0 = Release|x86
		{63B06122-016A-42D4-B621-8E0F9FA8E738}.ReleaseWin|x86.ActiveCfg = ReleaseWin|x86
		{63B06122-016A-42D4-B621-8E0F9FA8E738}.ReleaseWin|x86.Build.0 = ReleaseWin|x86
		{6D755374-6EAF-44B6-8C6C-6FE5E5AB3432}.Debug|x86.ActiveCfg = Debug|x86
		{6D755374-6EAF-44B6-8C6C-6FE5E5AB3432}.Debug|x86.Build.0 = Debug|x86
		{6D755374-6EAF-44B6-8C6C-6FE5E5AB3432}.Release|x86.ActiveCfg = Release|x86
		{6D755374-6EAF-44B6-8C6C-6FE5E5AB3432}.Release|x86.Build.0 = Release|x86
		{6D755374-6EAF-44B6-8C6C-6FE5E5AB3432}.ReleaseWin|x86.ActiveCfg = Release|x86
		{6D755374-6EAF-44B6-8C6C-6FE5E5AB3432}.ReleaseWin|x86.Build.0 = Release|x86
		{769710D2-BF98-4120-9E07-67BD740CFA1D}.Debug|x86.ActiveCfg = Debug|Any CPU
		{769710D2-BF98-4120-9E07-67BD740CFA1D}.Debug|x86.Build.0 = Debug|Any CPU
		{769710D2-BF98-4120-9E07-67BD740CFA1D}.Release|x86.ActiveCfg = Release|Any CPU
		{769710D2-BF98-4120-9E07-67BD740CFA1D}.Release|x86.Build.0 = Release|Any CPU
		{769710D2-BF98-4120-9E07-67BD740CFA1D}.ReleaseWin|x86.ActiveCfg = Release|Any CPU
		{769710D2-BF98-4120-9E07-67BD740CFA1D}.ReleaseWin|x86.Build.0 = Release|Any CPU
		{9DF71899-3CE4-48F4-B3C3-0B21B15037B1}.Debug|x86.ActiveCfg = Debug|Any CPU
		{9DF71899-3CE4-48F4-B3C3-0B21B15037B1}.Debug|x86.Build.0 = Debug|Any CPU
		{9DF71899-3CE4-48F4-B3C3-0B21B15037B1}.Release|x86.ActiveCfg = Release|Any CPU
		{9DF71899-3CE4-48F4-B3C3-0B21B15037B1}.Release|x86.Build.0 = Release|Any CPU
		{9DF71899-3CE4-48F4-B3C3-0B21B15037B1}.ReleaseWin|x86.ActiveCfg = Release|Any CPU
		{9DF71899-3CE4-48F4-B3C3-0B21B15037B1}.ReleaseWin|x86.Build.0 = Release|Any CPU
		{A6C1914F-7732-49F5-BABA-8BBBA521FAAB}.Debug|x86.ActiveCfg = Debug|Any CPU
		{A6C1914F-7732-49F5-BABA-8BBBA521FAAB}.Debug|x86.Build.0 = Debug|Any CPU
		{A6C1914F-7732-49F5-BABA-8BBBA521FAAB}.Release|x86.ActiveCfg = Release|Any CPU
		{A6C1914F-7732-49F5-BABA-8BBBA521FAAB}.Release|x86.Build.0 = Release|Any CPU
		{A6C1914F-7732-49F5-BABA-8BBBA521FAAB}.ReleaseWin|x86.ActiveCfg = Release|Any CPU
		{A6C1914F-7732-49F5-BABA-8BBBA521FAAB}.ReleaseWin|x86.Build.0 = Release|Any CPU
		{AD329D59-938D-42AC-ABE2-B0F14FDBB7C6}.Debug|x86.ActiveCfg = Debug|Any CPU
		{AD329D59-938D-42AC-ABE2-B0F14FDBB7C6}.Debug|x86.Build.0 = Debug|Any CPU
		{AD329D59-938D-42AC-ABE2-B0F14FDBB7C6}.Release|x86.ActiveCfg = Release|Any CPU
		{AD329D59-938D-42AC-ABE2-B0F14FDBB7C6}.Release|x86.Build.0 = Release|Any CPU
		{AD329D59-938D-42AC-ABE2-B0F14FDBB7C6}.ReleaseWin|x86.ActiveCfg = Release|Any CPU
		{AD329D59-938D-42AC-ABE2-B0F14FDBB7C6}.ReleaseWin|x86.Build.0 = Release|Any CPU
		{CE5179E8-3172-4C08-9FE3-9C48C58A3831}.Debug|x86.ActiveCfg = Debug|Any CPU
		{CE5179E8-3172-4C08-9FE3-9C48C58A3831}.Debug|x86.Build.0 = Debug|Any CPU
		{CE5179E8-3172-4C08-9FE3-9C48C58A3831}.Release|x86.ActiveCfg = Release|Any CPU
		{CE5179E8-3172-4C08-9FE3-9C48C58A3831}.Release|x86.Build.0 = Release|Any CPU
		{CE5179E8-3172-4C08-9FE3-9C48C58A3831}.ReleaseWin|x86.ActiveCfg = Release|Any CPU
		{CE5179E8-3172-4C08-9FE3-9C48C58A3831}.ReleaseWin|x86.Build.0 = Release|Any CPU
		{F8E01CD3-8BDD-403B-8264-0ED24AC3FA21}.Debug|x86.ActiveCfg = Debug|x86
		{F8E01CD3-8BDD-403B-8264-0ED24AC3FA21}.Debug|x86.Build.0 = Debug|x86
		{F8E01CD3-8BDD-403B-8264-0ED24AC3FA21}.Release|x86.ActiveCfg = Release|x86
		{F8E01CD3-8BDD-403B-8264-0ED24AC3FA21}.Release|x86.Build.0 = Release|x86
		{F8E01CD3-8BDD-403B-8264-0ED24AC3FA21}.ReleaseWin|x86.ActiveCfg = Release|x86
		{F8E01CD3-8BDD-403B-8264-0ED24AC3FA21}.ReleaseWin|x86.Build.0 = Release|x86
		{3DCDD84A-20D0-4939-BE25-58B19F3961F2}.Debug|x86.ActiveCfg = Debug|Any CPU
		{3DCDD84A-20D0-4939-BE25-58B19F3961F2}.Debug|x86.Build.0 = Debug|Any CPU
		{3DCDD84A-20D0-4939-BE25-58B19F3961F2}.Release|x86.ActiveCfg = Release|Any CPU
		{3DCDD84A-20D0-4939-BE25-58B19F3961F2}.Release|x86.Build.0 = Release|Any CPU
		{3DCDD84A-20D0-4939-BE25-58B19F3961F2}.ReleaseWin|x86.ActiveCfg = Release|Any CPU
		{3DCDD84A-20D0-4939-BE25-58B19F3961F2}.ReleaseWin|x86.Build.0 = Release|Any CPU
		{EB4F19F8-2CC9-4712-9949-760A441A56FE}.Debug|x86.ActiveCfg = Debug|Any CPU
		{EB4F19F8-2CC9-4712-9949-760A441A56FE}.Debug|x86.Build.0 = Debug|Any CPU
		{EB4F19F8-2CC9-4712-9949-760A441A56FE}.Release|x86.ActiveCfg = Release|Any CPU
		{EB4F19F8-2CC9-4712-9949-760A441A56FE}.Release|x86.Build.0 = Release|Any CPU
		{EB4F19F8-2CC9-4712-9949-760A441A56FE}.ReleaseWin|x86.ActiveCfg = Release|Any CPU
		{EB4F19F8-2CC9-4712-9949-760A441A56FE}.ReleaseWin|x86.Build.0 = Release|Any CPU
		{9C0363D4-EE69-45B8-BA45-BDA24CE35A06}.Debug|x86.ActiveCfg = Debug|Any CPU
		{9C0363D4-EE69-45B8-BA45-BDA24CE35A06}.Debug|x86.Build.0 = Debug|Any CPU
		{9C0363D4-EE69-45B8-BA45-BDA24CE35A06}.Release|x86.ActiveCfg = Release|Any CPU
		{9C0363D4-EE69-45B8-BA45-BDA24CE35A06}.Release|x86.Build.0 = Release|Any CPU
		{9C0363D4-EE69-45B8-BA45-BDA24CE35A06}.ReleaseWin|x86.ActiveCfg = Release|Any CPU
		{9C0363D4-EE69-45B8-BA45-BDA24CE35A06}.ReleaseWin|x86.Build.0 = Release|Any CPU
		{921488F1-F4FC-4438-920E-86E57442B253}.Debug|x86.ActiveCfg = Debug|x86
		{921488F1-F4FC-4438-920E-86E57442B253}.Debug|x86.Build.0 = Debug|x86
		{921488F1-F4FC-4438-920E-86E57442B253}.Release|x86.ActiveCfg = Release|x86
		{921488F1-F4FC-4438-920E-86E57442B253}.Release|x86.Build.0 = Release|x86
		{921488F1-F4FC-4438-920E-86E57442B253}.ReleaseWin|x86.ActiveCfg = Release|x86
		{921488F1-F4FC-4438-920E-86E57442B253}.ReleaseWin|x86.Build.0 = Release|x86
		{C97E91F4-B310-44E2-9B6C-96775395722D}.Debug|x86.ActiveCfg = Debug|x86
		{C97E91F4-B310-44E2-9B6C-96775395722D}.Debug|x86.Build.0 = Debug|x86
		{C97E91F4-B310-44E2-9B6C-96775395722D}.Release|x86.ActiveCfg = Release|x86
		{C97E91F4-B310-44E2-9B6C-96775395722D}.Release|x86.Build.0 = Release|x86
		{C97E91F4-B310-44E2-9B6C-96775395722D}.ReleaseWin|x86.ActiveCfg = Release|x86
		{C97E91F4-B310-44E2-9B6C-96775395722D}.ReleaseWin|x86.Build.0 = Release|x86
		{D9F4197F-52D2-49F0-8DAF-E2884733CF2D}.Debug|x86.ActiveCfg = Debug|x86
		{D9F4197F-52D2-49F0-8DAF-E2884733CF2D}.Debug|x86.Build.0 = Debug|x86
		{D9F4197F-52D2-49F0-8DAF-E2884733CF2D}.Release|x86.ActiveCfg = Release|x86
		{D9F4197F-52D2-49F0-8DAF-E2884733CF2D}.Release|x86.Build.0 = Release|x86
		{D9F4197F-52D2-49F0-8DAF-E2884733CF2D}.ReleaseWin|x86.ActiveCfg = Release|x86
		{D9F4197F-52D2-49F0-8DAF-E2884733CF2D}.ReleaseWin|x86.Build.0 = Release|x86
	EndGlobalSection
	GlobalSection(NestedProjects) = preSolution
		{F8E01CD3-8BDD-403B-8264-0ED24AC3FA21} = {792D3656-91FD-45AA-A40B-A0D63306A113}
		{A6C1914F-7732-49F5-BABA-8BBBA521FAAB} = {792D3656-91FD-45AA-A40B-A0D63306A113}
		{4B502FE5-D419-4B5C-9276-0A25EF2F508A} = {792D3656-91FD-45AA-A40B-A0D63306A113}
		{9DF71899-3CE4-48F4-B3C3-0B21B15037B1} = {792D3656-91FD-45AA-A40B-A0D63306A113}
		{6D755374-6EAF-44B6-8C6C-6FE5E5AB3432} = {792D3656-91FD-45AA-A40B-A0D63306A113}
		{5A2BB01E-E124-432E-8099-D1343D3897B9} = {792D3656-91FD-45AA-A40B-A0D63306A113}
		{00D32969-612C-417E-9565-BEC6A7719F80} = {792D3656-91FD-45AA-A40B-A0D63306A113}
		{4B35C969-8C74-440F-8189-57047C9215FD} = {792D3656-91FD-45AA-A40B-A0D63306A113}
		{CE5179E8-3172-4C08-9FE3-9C48C58A3831} = {792D3656-91FD-45AA-A40B-A0D63306A113}
		{AD329D59-938D-42AC-ABE2-B0F14FDBB7C6} = {792D3656-91FD-45AA-A40B-A0D63306A113}
		{769710D2-BF98-4120-9E07-67BD740CFA1D} = {792D3656-91FD-45AA-A40B-A0D63306A113}
		{0033159F-9183-42E9-AF46-7DF28E41B797} = {18CAA370-49FE-4023-9602-708344350314}
		{42079D47-D372-4DEE-B9BE-FB5B56A70DC2} = {18CAA370-49FE-4023-9602-708344350314}
		{1BF2A638-420D-456C-96A7-36873A0FB894} = {0033159F-9183-42E9-AF46-7DF28E41B797}
		{190CEA0D-EA23-4C91-8030-203A5AFED7B7} = {0033159F-9183-42E9-AF46-7DF28E41B797}
		{54F958F5-7E58-4C89-9A04-8835E63B97C3} = {42079D47-D372-4DEE-B9BE-FB5B56A70DC2}
		{3DCDD84A-20D0-4939-BE25-58B19F3961F2} = {792D3656-91FD-45AA-A40B-A0D63306A113}
		{EB4F19F8-2CC9-4712-9949-760A441A56FE} = {792D3656-91FD-45AA-A40B-A0D63306A113}
		{9C0363D4-EE69-45B8-BA45-BDA24CE35A06} = {792D3656-91FD-45AA-A40B-A0D63306A113}
		{5419AAE0-04BE-4258-A2C0-F4D3F3FCA295} = {18CAA370-49FE-4023-9602-708344350314}
		{921488F1-F4FC-4438-920E-86E57442B253} = {5419AAE0-04BE-4258-A2C0-F4D3F3FCA295}
		{C97E91F4-B310-44E2-9B6C-96775395722D} = {5419AAE0-04BE-4258-A2C0-F4D3F3FCA295}
		{D9F4197F-52D2-49F0-8DAF-E2884733CF2D} = {5419AAE0-04BE-4258-A2C0-F4D3F3FCA295}
	EndGlobalSection
	GlobalSection(MonoDevelopProperties) = preSolution
		Policies = $0
		$0.DotNetNamingPolicy = $1
		$1.DirectoryNamespaceAssociation = PrefixedHierarchical
		$1.ResourceNamePolicy = MSBuild
		$0.TextStylePolicy = $2
		$2.inheritsSet = null
		$2.scope = text/x-csharp
		$0.CSharpFormattingPolicy = $3
		$3.scope = text/x-csharp
		$0.TextStylePolicy = $4
		$4.FileWidth = 80
		$4.NoTabsAfterNonTabs = True
		$4.scope = text/plain
		$0.TextStylePolicy = $5
		$5.inheritsSet = null
		$5.scope = text/x-sql
		version = 1.0
	EndGlobalSection
EndGlobal
