
Microsoft Visual Studio Solution File, Format Version 11.00
# Visual Studio 2010
Project("{FAE04EC0-301F-11D3-BF4B-00C04F79EFBC}") = "Workwear", "Workwear\Workwear.csproj", "{63B06122-016A-42D4-B621-8E0F9FA8E738}"
EndProject
Project("{2150E333-8FDC-42A3-9474-1A3956D46DE8}") = "QSLibs", "QSLibs", "{792D3656-91FD-45AA-A40B-A0D63306A113}"
EndProject
Project("{FAE04EC0-301F-11D3-BF4B-00C04F79EFBC}") = "QSProjectsLib", "..\QSProjects\QSProjectsLib\QSProjectsLib.csproj", "{A6C1914F-7732-49F5-BABA-8BBBA521FAAB}"
EndProject
Project("{FAE04EC0-301F-11D3-BF4B-00C04F79EFBC}") = "QSSaaS", "..\QSProjects\QSSaaS\QSSaaS.csproj", "{4B502FE5-D419-4B5C-9276-0A25EF2F508A}"
EndProject
Project("{FAE04EC0-301F-11D3-BF4B-00C04F79EFBC}") = "QSWidgetLib", "..\QSProjects\QSWidgetLib\QSWidgetLib.csproj", "{5A2BB01E-E124-432E-8099-D1343D3897B9}"
EndProject
Project("{FAE04EC0-301F-11D3-BF4B-00C04F79EFBC}") = "QSOrmProject", "..\QSProjects\QSOrmProject\QSOrmProject.csproj", "{00D32969-612C-417E-9565-BEC6A7719F80}"
EndProject
Project("{FAE04EC0-301F-11D3-BF4B-00C04F79EFBC}") = "QSBusinessCommon", "..\QSProjects\Modules\QSBusinessCommon\QSBusinessCommon.csproj", "{AD329D59-938D-42AC-ABE2-B0F14FDBB7C6}"
EndProject
Project("{FAE04EC0-301F-11D3-BF4B-00C04F79EFBC}") = "QSMachineConfig", "..\QSProjects\QSMachineConfig\QSMachineConfig.csproj", "{769710D2-BF98-4120-9E07-67BD740CFA1D}"
EndProject
Project("{2150E333-8FDC-42A3-9474-1A3956D46DE8}") = "External", "External", "{18CAA370-49FE-4023-9602-708344350314}"
EndProject
Project("{2150E333-8FDC-42A3-9474-1A3956D46DE8}") = "GammaBinding", "GammaBinding", "{0033159F-9183-42E9-AF46-7DF28E41B797}"
EndProject
Project("{FAE04EC0-301F-11D3-BF4B-00C04F79EFBC}") = "GammaUtil", "..\GammaBinding\GammaUtil\GammaUtil.csproj", "{1BF2A638-420D-456C-96A7-36873A0FB894}"
EndProject
Project("{FAE04EC0-301F-11D3-BF4B-00C04F79EFBC}") = "GammaBinding", "..\GammaBinding\GammaBinding\GammaBinding.csproj", "{190CEA0D-EA23-4C91-8030-203A5AFED7B7}"
EndProject
Project("{2150E333-8FDC-42A3-9474-1A3956D46DE8}") = "Gtk.DataBindings", "Gtk.DataBindings", "{42079D47-D372-4DEE-B9BE-FB5B56A70DC2}"
EndProject
Project("{FAE04EC0-301F-11D3-BF4B-00C04F79EFBC}") = "System.Data.Bindings", "..\Gtk.DataBindings\System.Data.Bindings\System.Data.Bindings.csproj", "{54F958F5-7E58-4C89-9A04-8835E63B97C3}"
EndProject
Project("{FAE04EC0-301F-11D3-BF4B-00C04F79EFBC}") = "QSExtraGammaWidgets", "..\QSProjects\QSExtraGammaWidgets\QSExtraGammaWidgets.csproj", "{3DCDD84A-20D0-4939-BE25-58B19F3961F2}"
EndProject
Project("{FAE04EC0-301F-11D3-BF4B-00C04F79EFBC}") = "QSTelemetry", "..\QSProjects\QSTelemetry\QSTelemetry.csproj", "{EB4F19F8-2CC9-4712-9949-760A441A56FE}"
EndProject
Project("{FAE04EC0-301F-11D3-BF4B-00C04F79EFBC}") = "QSReport", "..\QSProjects\QSReport\QSReport.csproj", "{9C0363D4-EE69-45B8-BA45-BDA24CE35A06}"
EndProject
Project("{2150E333-8FDC-42A3-9474-1A3956D46DE8}") = "MajorsilenceReporting", "MajorsilenceReporting", "{5419AAE0-04BE-4258-A2C0-F4D3F3FCA295}"
EndProject
Project("{FAE04EC0-301F-11D3-BF4B-00C04F79EFBC}") = "RdlGtkViewer", "..\My-FyiReporting\RdlGtkViewer\RdlGtkViewer\RdlGtkViewer.csproj", "{921488F1-F4FC-4438-920E-86E57442B253}"
EndProject
Project("{FAE04EC0-301F-11D3-BF4B-00C04F79EFBC}") = "RdlEngine", "..\My-FyiReporting\RdlEngine\RdlEngine.csproj", "{C97E91F4-B310-44E2-9B6C-96775395722D}"
EndProject
Project("{FAE04EC0-301F-11D3-BF4B-00C04F79EFBC}") = "DataProviders", "..\My-FyiReporting\DataProviders\DataProviders.csproj", "{D9F4197F-52D2-49F0-8DAF-E2884733CF2D}"
EndProject
Project("{FAE04EC0-301F-11D3-BF4B-00C04F79EFBC}") = "QS.Project", "..\QSProjects\QS.Project\QS.Project.csproj", "{28A78143-42E3-40E7-86F5-DD7E1679BE86}"
EndProject
Project("{FAE04EC0-301F-11D3-BF4B-00C04F79EFBC}") = "QS.Report", "..\QSProjects\QS.Report\QS.Report.csproj", "{D30A23BF-C5DC-4A1B-95FC-9C2038D46E8E}"
EndProject
Project("{FAE04EC0-301F-11D3-BF4B-00C04F79EFBC}") = "QS.Utilities", "..\QSProjects\QS.Utilities\QS.Utilities.csproj", "{E2228A2B-4883-4DD8-8A05-23501F7B8A33}"
EndProject
Project("{FAE04EC0-301F-11D3-BF4B-00C04F79EFBC}") = "QS.Project.Gtk", "..\QSProjects\QS.Project.Gtk\QS.Project.Gtk.csproj", "{3C0F3944-CBD5-4BD6-83D4-CF33AD6FC68C}"
EndProject
Project("{FAE04EC0-301F-11D3-BF4B-00C04F79EFBC}") = "Gamma.Utilities.Gtk", "..\GammaBinding\Gamma.Utilities.Gtk\Gamma.Utilities.Gtk.csproj", "{5735D438-792E-40CE-BAFD-25814C8879BC}"
EndProject
Project("{FAE04EC0-301F-11D3-BF4B-00C04F79EFBC}") = "QS.Testing", "..\QSProjects\QS.Testing\QS.Testing.csproj", "{BA8E8ACF-ECB0-4617-9E09-D1BE93992D0E}"
EndProject
Project("{FAE04EC0-301F-11D3-BF4B-00C04F79EFBC}") = "WorkwearTest", "WorkwearTest\WorkwearTest.csproj", "{E5AD3408-E67B-432C-8BF1-EC6BB984D7F7}"
EndProject
Project("{FAE04EC0-301F-11D3-BF4B-00C04F79EFBC}") = "QS.Updater", "..\QSProjects\QS.Updater\QS.Updater.csproj", "{0F2A9FD4-6FC1-4912-9C8A-72028305A37E}"
EndProject
Project("{FAE04EC0-301F-11D3-BF4B-00C04F79EFBC}") = "QS.BusinessCommon", "..\QSProjects\Modules\QS.BusinessCommon\QS.BusinessCommon.csproj", "{F22749B2-E35B-455D-BD8D-081373B16FC7}"
EndProject
Project("{FAE04EC0-301F-11D3-BF4B-00C04F79EFBC}") = "QS.Report.Gtk", "..\QSProjects\QS.Report.Gtk\QS.Report.Gtk.csproj", "{42708CEE-08D8-43D5-AFE0-9992EB46E9F9}"
EndProject
Project("{FAE04EC0-301F-11D3-BF4B-00C04F79EFBC}") = "QS.NewsFeed", "..\QSProjects\QS.NewsFeed\QS.NewsFeed.csproj", "{9EBC7EFD-CD37-45D3-97AB-24CB38D986B6}"
EndProject
Project("{FAE04EC0-301F-11D3-BF4B-00C04F79EFBC}") = "QS.NewsFeed.Gtk", "..\QSProjects\QS.NewsFeed.Gtk\QS.NewsFeed.Gtk.csproj", "{76858A6F-44D1-44E0-B9F3-B80B1B96AD25}"
EndProject
Project("{FAE04EC0-301F-11D3-BF4B-00C04F79EFBC}") = "QS.Features", "..\QSProjects\QS.Features\QS.Features.csproj", "{8984DB2F-4849-4F5B-915C-CE69537E93A8}"
EndProject
Project("{FAE04EC0-301F-11D3-BF4B-00C04F79EFBC}") = "QS.Updater.Gtk", "..\QSProjects\QS.Updater.Gtk\QS.Updater.Gtk.csproj", "{6D755374-6EAF-44B6-8C6C-6FE5E5AB3432}"
EndProject
Global
	GlobalSection(SolutionConfigurationPlatforms) = preSolution
		Debug|x86 = Debug|x86
		Release|x86 = Release|x86
		Debug|x64 = Debug|x64
		Release|x64 = Release|x64
		BundleLinux|Any CPU = BundleLinux|Any CPU
		BundleLinux|x86 = BundleLinux|x86
		BundleLinux|x64 = BundleLinux|x64
		ReleaseWin|x86 = ReleaseWin|x86
		ReleaseWinEnterprise|x86 = ReleaseWinEnterprise|x86
	EndGlobalSection
	GlobalSection(ProjectConfigurationPlatforms) = postSolution
		{00D32969-612C-417E-9565-BEC6A7719F80}.Debug|x86.ActiveCfg = Debug|Any CPU
		{00D32969-612C-417E-9565-BEC6A7719F80}.Debug|x86.Build.0 = Debug|Any CPU
		{00D32969-612C-417E-9565-BEC6A7719F80}.Release|x86.ActiveCfg = Release|Any CPU
		{00D32969-612C-417E-9565-BEC6A7719F80}.Release|x86.Build.0 = Release|Any CPU
		{00D32969-612C-417E-9565-BEC6A7719F80}.ReleaseWin|x86.ActiveCfg = Release|Any CPU
		{00D32969-612C-417E-9565-BEC6A7719F80}.ReleaseWin|x86.Build.0 = Release|Any CPU
		{00D32969-612C-417E-9565-BEC6A7719F80}.ReleaseWinEnterprise|x86.ActiveCfg = Release|Any CPU
		{00D32969-612C-417E-9565-BEC6A7719F80}.ReleaseWinEnterprise|x86.Build.0 = Release|Any CPU
		{190CEA0D-EA23-4C91-8030-203A5AFED7B7}.Debug|x86.ActiveCfg = Debug|Any CPU
		{190CEA0D-EA23-4C91-8030-203A5AFED7B7}.Debug|x86.Build.0 = Debug|Any CPU
		{190CEA0D-EA23-4C91-8030-203A5AFED7B7}.Release|x86.ActiveCfg = Release|Any CPU
		{190CEA0D-EA23-4C91-8030-203A5AFED7B7}.Release|x86.Build.0 = Release|Any CPU
		{190CEA0D-EA23-4C91-8030-203A5AFED7B7}.ReleaseWin|x86.ActiveCfg = Release|Any CPU
		{190CEA0D-EA23-4C91-8030-203A5AFED7B7}.ReleaseWin|x86.Build.0 = Release|Any CPU
		{190CEA0D-EA23-4C91-8030-203A5AFED7B7}.ReleaseWinEnterprise|x86.ActiveCfg = Release|Any CPU
		{190CEA0D-EA23-4C91-8030-203A5AFED7B7}.ReleaseWinEnterprise|x86.Build.0 = Release|Any CPU
		{1BF2A638-420D-456C-96A7-36873A0FB894}.Debug|x86.ActiveCfg = Debug|Any CPU
		{1BF2A638-420D-456C-96A7-36873A0FB894}.Debug|x86.Build.0 = Debug|Any CPU
		{1BF2A638-420D-456C-96A7-36873A0FB894}.Release|x86.ActiveCfg = Release|Any CPU
		{1BF2A638-420D-456C-96A7-36873A0FB894}.Release|x86.Build.0 = Release|Any CPU
		{1BF2A638-420D-456C-96A7-36873A0FB894}.ReleaseWin|x86.ActiveCfg = Release|Any CPU
		{1BF2A638-420D-456C-96A7-36873A0FB894}.ReleaseWin|x86.Build.0 = Release|Any CPU
		{1BF2A638-420D-456C-96A7-36873A0FB894}.ReleaseWinEnterprise|x86.ActiveCfg = Release|Any CPU
		{1BF2A638-420D-456C-96A7-36873A0FB894}.ReleaseWinEnterprise|x86.Build.0 = Release|Any CPU
		{4B502FE5-D419-4B5C-9276-0A25EF2F508A}.Debug|x86.ActiveCfg = Debug|x86
		{4B502FE5-D419-4B5C-9276-0A25EF2F508A}.Debug|x86.Build.0 = Debug|x86
		{4B502FE5-D419-4B5C-9276-0A25EF2F508A}.Release|x86.ActiveCfg = Release|x86
		{4B502FE5-D419-4B5C-9276-0A25EF2F508A}.Release|x86.Build.0 = Release|x86
		{4B502FE5-D419-4B5C-9276-0A25EF2F508A}.ReleaseWin|x86.ActiveCfg = Release|x86
		{4B502FE5-D419-4B5C-9276-0A25EF2F508A}.ReleaseWin|x86.Build.0 = Release|x86
		{4B502FE5-D419-4B5C-9276-0A25EF2F508A}.ReleaseWinEnterprise|x86.ActiveCfg = Release|x86
		{4B502FE5-D419-4B5C-9276-0A25EF2F508A}.ReleaseWinEnterprise|x86.Build.0 = Release|x86
		{54F958F5-7E58-4C89-9A04-8835E63B97C3}.Debug|x86.ActiveCfg = Debug|Any CPU
		{54F958F5-7E58-4C89-9A04-8835E63B97C3}.Debug|x86.Build.0 = Debug|Any CPU
		{54F958F5-7E58-4C89-9A04-8835E63B97C3}.Release|x86.ActiveCfg = Release|Any CPU
		{54F958F5-7E58-4C89-9A04-8835E63B97C3}.Release|x86.Build.0 = Release|Any CPU
		{54F958F5-7E58-4C89-9A04-8835E63B97C3}.ReleaseWin|x86.ActiveCfg = Release|Any CPU
		{54F958F5-7E58-4C89-9A04-8835E63B97C3}.ReleaseWin|x86.Build.0 = Release|Any CPU
		{54F958F5-7E58-4C89-9A04-8835E63B97C3}.ReleaseWinEnterprise|x86.ActiveCfg = Release|Any CPU
		{54F958F5-7E58-4C89-9A04-8835E63B97C3}.ReleaseWinEnterprise|x86.Build.0 = Release|Any CPU
		{5A2BB01E-E124-432E-8099-D1343D3897B9}.Debug|x86.ActiveCfg = Debug|Any CPU
		{5A2BB01E-E124-432E-8099-D1343D3897B9}.Debug|x86.Build.0 = Debug|Any CPU
		{5A2BB01E-E124-432E-8099-D1343D3897B9}.Release|x86.ActiveCfg = Release|Any CPU
		{5A2BB01E-E124-432E-8099-D1343D3897B9}.Release|x86.Build.0 = Release|Any CPU
		{5A2BB01E-E124-432E-8099-D1343D3897B9}.ReleaseWin|x86.ActiveCfg = Release|Any CPU
		{5A2BB01E-E124-432E-8099-D1343D3897B9}.ReleaseWin|x86.Build.0 = Release|Any CPU
		{5A2BB01E-E124-432E-8099-D1343D3897B9}.ReleaseWinEnterprise|x86.ActiveCfg = Release|Any CPU
		{5A2BB01E-E124-432E-8099-D1343D3897B9}.ReleaseWinEnterprise|x86.Build.0 = Release|Any CPU
		{63B06122-016A-42D4-B621-8E0F9FA8E738}.Debug|x86.ActiveCfg = Debug|x86
		{63B06122-016A-42D4-B621-8E0F9FA8E738}.Debug|x86.Build.0 = Debug|x86
		{63B06122-016A-42D4-B621-8E0F9FA8E738}.Release|x86.ActiveCfg = Release|x86
		{63B06122-016A-42D4-B621-8E0F9FA8E738}.Release|x86.Build.0 = Release|x86
		{63B06122-016A-42D4-B621-8E0F9FA8E738}.ReleaseWin|x86.ActiveCfg = ReleaseWin|x86
		{63B06122-016A-42D4-B621-8E0F9FA8E738}.ReleaseWin|x86.Build.0 = ReleaseWin|x86
		{63B06122-016A-42D4-B621-8E0F9FA8E738}.ReleaseWinEnterprise|x86.ActiveCfg = ReleaseWinEnterprise|x86
		{63B06122-016A-42D4-B621-8E0F9FA8E738}.ReleaseWinEnterprise|x86.Build.0 = ReleaseWinEnterprise|x86
		{769710D2-BF98-4120-9E07-67BD740CFA1D}.Debug|x86.ActiveCfg = Debug|Any CPU
		{769710D2-BF98-4120-9E07-67BD740CFA1D}.Debug|x86.Build.0 = Debug|Any CPU
		{769710D2-BF98-4120-9E07-67BD740CFA1D}.Release|x86.ActiveCfg = Release|Any CPU
		{769710D2-BF98-4120-9E07-67BD740CFA1D}.Release|x86.Build.0 = Release|Any CPU
		{769710D2-BF98-4120-9E07-67BD740CFA1D}.ReleaseWin|x86.ActiveCfg = Release|Any CPU
		{769710D2-BF98-4120-9E07-67BD740CFA1D}.ReleaseWin|x86.Build.0 = Release|Any CPU
		{769710D2-BF98-4120-9E07-67BD740CFA1D}.ReleaseWinEnterprise|x86.ActiveCfg = Release|Any CPU
		{769710D2-BF98-4120-9E07-67BD740CFA1D}.ReleaseWinEnterprise|x86.Build.0 = Release|Any CPU
		{A6C1914F-7732-49F5-BABA-8BBBA521FAAB}.Debug|x86.ActiveCfg = Debug|Any CPU
		{A6C1914F-7732-49F5-BABA-8BBBA521FAAB}.Debug|x86.Build.0 = Debug|Any CPU
		{A6C1914F-7732-49F5-BABA-8BBBA521FAAB}.Release|x86.ActiveCfg = Release|Any CPU
		{A6C1914F-7732-49F5-BABA-8BBBA521FAAB}.Release|x86.Build.0 = Release|Any CPU
		{A6C1914F-7732-49F5-BABA-8BBBA521FAAB}.ReleaseWin|x86.ActiveCfg = Release|Any CPU
		{A6C1914F-7732-49F5-BABA-8BBBA521FAAB}.ReleaseWin|x86.Build.0 = Release|Any CPU
		{A6C1914F-7732-49F5-BABA-8BBBA521FAAB}.ReleaseWinEnterprise|x86.ActiveCfg = Release|Any CPU
		{A6C1914F-7732-49F5-BABA-8BBBA521FAAB}.ReleaseWinEnterprise|x86.Build.0 = Release|Any CPU
		{AD329D59-938D-42AC-ABE2-B0F14FDBB7C6}.Debug|x86.ActiveCfg = Debug|Any CPU
		{AD329D59-938D-42AC-ABE2-B0F14FDBB7C6}.Debug|x86.Build.0 = Debug|Any CPU
		{AD329D59-938D-42AC-ABE2-B0F14FDBB7C6}.Release|x86.ActiveCfg = Release|Any CPU
		{AD329D59-938D-42AC-ABE2-B0F14FDBB7C6}.Release|x86.Build.0 = Release|Any CPU
		{AD329D59-938D-42AC-ABE2-B0F14FDBB7C6}.ReleaseWin|x86.ActiveCfg = Release|Any CPU
		{AD329D59-938D-42AC-ABE2-B0F14FDBB7C6}.ReleaseWin|x86.Build.0 = Release|Any CPU
		{AD329D59-938D-42AC-ABE2-B0F14FDBB7C6}.ReleaseWinEnterprise|x86.ActiveCfg = Release|Any CPU
		{AD329D59-938D-42AC-ABE2-B0F14FDBB7C6}.ReleaseWinEnterprise|x86.Build.0 = Release|Any CPU
		{3DCDD84A-20D0-4939-BE25-58B19F3961F2}.Debug|x86.ActiveCfg = Debug|Any CPU
		{3DCDD84A-20D0-4939-BE25-58B19F3961F2}.Debug|x86.Build.0 = Debug|Any CPU
		{3DCDD84A-20D0-4939-BE25-58B19F3961F2}.Release|x86.ActiveCfg = Release|Any CPU
		{3DCDD84A-20D0-4939-BE25-58B19F3961F2}.Release|x86.Build.0 = Release|Any CPU
		{3DCDD84A-20D0-4939-BE25-58B19F3961F2}.ReleaseWin|x86.ActiveCfg = Release|Any CPU
		{3DCDD84A-20D0-4939-BE25-58B19F3961F2}.ReleaseWin|x86.Build.0 = Release|Any CPU
		{3DCDD84A-20D0-4939-BE25-58B19F3961F2}.ReleaseWinEnterprise|x86.ActiveCfg = Release|Any CPU
		{3DCDD84A-20D0-4939-BE25-58B19F3961F2}.ReleaseWinEnterprise|x86.Build.0 = Release|Any CPU
		{EB4F19F8-2CC9-4712-9949-760A441A56FE}.Debug|x86.ActiveCfg = Debug|Any CPU
		{EB4F19F8-2CC9-4712-9949-760A441A56FE}.Debug|x86.Build.0 = Debug|Any CPU
		{EB4F19F8-2CC9-4712-9949-760A441A56FE}.Release|x86.ActiveCfg = Release|Any CPU
		{EB4F19F8-2CC9-4712-9949-760A441A56FE}.Release|x86.Build.0 = Release|Any CPU
		{EB4F19F8-2CC9-4712-9949-760A441A56FE}.ReleaseWin|x86.ActiveCfg = Release|Any CPU
		{EB4F19F8-2CC9-4712-9949-760A441A56FE}.ReleaseWin|x86.Build.0 = Release|Any CPU
		{EB4F19F8-2CC9-4712-9949-760A441A56FE}.ReleaseWinEnterprise|x86.ActiveCfg = Release|Any CPU
		{EB4F19F8-2CC9-4712-9949-760A441A56FE}.ReleaseWinEnterprise|x86.Build.0 = Release|Any CPU
		{9C0363D4-EE69-45B8-BA45-BDA24CE35A06}.Debug|x86.ActiveCfg = Debug|Any CPU
		{9C0363D4-EE69-45B8-BA45-BDA24CE35A06}.Debug|x86.Build.0 = Debug|Any CPU
		{9C0363D4-EE69-45B8-BA45-BDA24CE35A06}.Release|x86.ActiveCfg = Release|Any CPU
		{9C0363D4-EE69-45B8-BA45-BDA24CE35A06}.Release|x86.Build.0 = Release|Any CPU
		{9C0363D4-EE69-45B8-BA45-BDA24CE35A06}.ReleaseWin|x86.ActiveCfg = Release|Any CPU
		{9C0363D4-EE69-45B8-BA45-BDA24CE35A06}.ReleaseWin|x86.Build.0 = Release|Any CPU
		{9C0363D4-EE69-45B8-BA45-BDA24CE35A06}.ReleaseWinEnterprise|x86.ActiveCfg = Release|Any CPU
		{9C0363D4-EE69-45B8-BA45-BDA24CE35A06}.ReleaseWinEnterprise|x86.Build.0 = Release|Any CPU
		{921488F1-F4FC-4438-920E-86E57442B253}.Debug|x86.ActiveCfg = Debug|x86
		{921488F1-F4FC-4438-920E-86E57442B253}.Debug|x86.Build.0 = Debug|x86
		{921488F1-F4FC-4438-920E-86E57442B253}.Release|x86.ActiveCfg = Release|x86
		{921488F1-F4FC-4438-920E-86E57442B253}.Release|x86.Build.0 = Release|x86
		{921488F1-F4FC-4438-920E-86E57442B253}.ReleaseWin|x86.ActiveCfg = Release|x86
		{921488F1-F4FC-4438-920E-86E57442B253}.ReleaseWin|x86.Build.0 = Release|x86
		{921488F1-F4FC-4438-920E-86E57442B253}.ReleaseWinEnterprise|x86.ActiveCfg = Release|x86
		{921488F1-F4FC-4438-920E-86E57442B253}.ReleaseWinEnterprise|x86.Build.0 = Release|x86
		{C97E91F4-B310-44E2-9B6C-96775395722D}.Debug|x86.ActiveCfg = Debug|x86
		{C97E91F4-B310-44E2-9B6C-96775395722D}.Debug|x86.Build.0 = Debug|x86
		{C97E91F4-B310-44E2-9B6C-96775395722D}.Release|x86.ActiveCfg = Release|x86
		{C97E91F4-B310-44E2-9B6C-96775395722D}.Release|x86.Build.0 = Release|x86
		{C97E91F4-B310-44E2-9B6C-96775395722D}.ReleaseWin|x86.ActiveCfg = Release|x86
		{C97E91F4-B310-44E2-9B6C-96775395722D}.ReleaseWin|x86.Build.0 = Release|x86
		{C97E91F4-B310-44E2-9B6C-96775395722D}.ReleaseWinEnterprise|x86.ActiveCfg = Release|x86
		{C97E91F4-B310-44E2-9B6C-96775395722D}.ReleaseWinEnterprise|x86.Build.0 = Release|x86
		{D9F4197F-52D2-49F0-8DAF-E2884733CF2D}.Debug|x86.ActiveCfg = Debug|x86
		{D9F4197F-52D2-49F0-8DAF-E2884733CF2D}.Debug|x86.Build.0 = Debug|x86
		{D9F4197F-52D2-49F0-8DAF-E2884733CF2D}.Release|x86.ActiveCfg = Release|x86
		{D9F4197F-52D2-49F0-8DAF-E2884733CF2D}.Release|x86.Build.0 = Release|x86
		{D9F4197F-52D2-49F0-8DAF-E2884733CF2D}.ReleaseWin|x86.ActiveCfg = Release|x86
		{D9F4197F-52D2-49F0-8DAF-E2884733CF2D}.ReleaseWin|x86.Build.0 = Release|x86
		{D9F4197F-52D2-49F0-8DAF-E2884733CF2D}.ReleaseWinEnterprise|x86.ActiveCfg = Release|x86
		{D9F4197F-52D2-49F0-8DAF-E2884733CF2D}.ReleaseWinEnterprise|x86.Build.0 = Release|x86
		{28A78143-42E3-40E7-86F5-DD7E1679BE86}.Debug|x86.ActiveCfg = Debug|Any CPU
		{28A78143-42E3-40E7-86F5-DD7E1679BE86}.Debug|x86.Build.0 = Debug|Any CPU
		{28A78143-42E3-40E7-86F5-DD7E1679BE86}.Release|x86.ActiveCfg = Release|Any CPU
		{28A78143-42E3-40E7-86F5-DD7E1679BE86}.Release|x86.Build.0 = Release|Any CPU
		{28A78143-42E3-40E7-86F5-DD7E1679BE86}.Debug|x64.ActiveCfg = Debug|Any CPU
		{28A78143-42E3-40E7-86F5-DD7E1679BE86}.Debug|x64.Build.0 = Debug|Any CPU
		{28A78143-42E3-40E7-86F5-DD7E1679BE86}.Release|x64.ActiveCfg = Release|Any CPU
		{28A78143-42E3-40E7-86F5-DD7E1679BE86}.Release|x64.Build.0 = Release|Any CPU
		{28A78143-42E3-40E7-86F5-DD7E1679BE86}.BundleLinux|Any CPU.ActiveCfg = Debug|Any CPU
		{28A78143-42E3-40E7-86F5-DD7E1679BE86}.BundleLinux|Any CPU.Build.0 = Debug|Any CPU
		{28A78143-42E3-40E7-86F5-DD7E1679BE86}.BundleLinux|x86.ActiveCfg = Debug|Any CPU
		{28A78143-42E3-40E7-86F5-DD7E1679BE86}.BundleLinux|x86.Build.0 = Debug|Any CPU
		{28A78143-42E3-40E7-86F5-DD7E1679BE86}.BundleLinux|x64.ActiveCfg = Debug|Any CPU
		{28A78143-42E3-40E7-86F5-DD7E1679BE86}.BundleLinux|x64.Build.0 = Debug|Any CPU
		{28A78143-42E3-40E7-86F5-DD7E1679BE86}.ReleaseWin|x86.ActiveCfg = Release|Any CPU
		{28A78143-42E3-40E7-86F5-DD7E1679BE86}.ReleaseWin|x86.Build.0 = Release|Any CPU
		{28A78143-42E3-40E7-86F5-DD7E1679BE86}.ReleaseWinEnterprise|x86.ActiveCfg = Release|Any CPU
		{28A78143-42E3-40E7-86F5-DD7E1679BE86}.ReleaseWinEnterprise|x86.Build.0 = Release|Any CPU
		{D30A23BF-C5DC-4A1B-95FC-9C2038D46E8E}.Debug|x86.ActiveCfg = Debug|Any CPU
		{D30A23BF-C5DC-4A1B-95FC-9C2038D46E8E}.Debug|x86.Build.0 = Debug|Any CPU
		{D30A23BF-C5DC-4A1B-95FC-9C2038D46E8E}.Release|x86.ActiveCfg = Release|Any CPU
		{D30A23BF-C5DC-4A1B-95FC-9C2038D46E8E}.Release|x86.Build.0 = Release|Any CPU
		{D30A23BF-C5DC-4A1B-95FC-9C2038D46E8E}.Debug|x64.ActiveCfg = Debug|Any CPU
		{D30A23BF-C5DC-4A1B-95FC-9C2038D46E8E}.Debug|x64.Build.0 = Debug|Any CPU
		{D30A23BF-C5DC-4A1B-95FC-9C2038D46E8E}.Release|x64.ActiveCfg = Release|Any CPU
		{D30A23BF-C5DC-4A1B-95FC-9C2038D46E8E}.Release|x64.Build.0 = Release|Any CPU
		{D30A23BF-C5DC-4A1B-95FC-9C2038D46E8E}.BundleLinux|Any CPU.ActiveCfg = Debug|Any CPU
		{D30A23BF-C5DC-4A1B-95FC-9C2038D46E8E}.BundleLinux|Any CPU.Build.0 = Debug|Any CPU
		{D30A23BF-C5DC-4A1B-95FC-9C2038D46E8E}.BundleLinux|x86.ActiveCfg = Debug|Any CPU
		{D30A23BF-C5DC-4A1B-95FC-9C2038D46E8E}.BundleLinux|x86.Build.0 = Debug|Any CPU
		{D30A23BF-C5DC-4A1B-95FC-9C2038D46E8E}.BundleLinux|x64.ActiveCfg = Debug|Any CPU
		{D30A23BF-C5DC-4A1B-95FC-9C2038D46E8E}.BundleLinux|x64.Build.0 = Debug|Any CPU
		{D30A23BF-C5DC-4A1B-95FC-9C2038D46E8E}.ReleaseWin|x86.ActiveCfg = Release|Any CPU
		{D30A23BF-C5DC-4A1B-95FC-9C2038D46E8E}.ReleaseWin|x86.Build.0 = Release|Any CPU
		{D30A23BF-C5DC-4A1B-95FC-9C2038D46E8E}.ReleaseWinEnterprise|x86.ActiveCfg = Release|Any CPU
		{D30A23BF-C5DC-4A1B-95FC-9C2038D46E8E}.ReleaseWinEnterprise|x86.Build.0 = Release|Any CPU
		{E2228A2B-4883-4DD8-8A05-23501F7B8A33}.Debug|x86.ActiveCfg = Debug|Any CPU
		{E2228A2B-4883-4DD8-8A05-23501F7B8A33}.Debug|x86.Build.0 = Debug|Any CPU
		{E2228A2B-4883-4DD8-8A05-23501F7B8A33}.Release|x86.ActiveCfg = Release|Any CPU
		{E2228A2B-4883-4DD8-8A05-23501F7B8A33}.Release|x86.Build.0 = Release|Any CPU
		{E2228A2B-4883-4DD8-8A05-23501F7B8A33}.Debug|x64.ActiveCfg = Debug|Any CPU
		{E2228A2B-4883-4DD8-8A05-23501F7B8A33}.Debug|x64.Build.0 = Debug|Any CPU
		{E2228A2B-4883-4DD8-8A05-23501F7B8A33}.Release|x64.ActiveCfg = Release|Any CPU
		{E2228A2B-4883-4DD8-8A05-23501F7B8A33}.Release|x64.Build.0 = Release|Any CPU
		{E2228A2B-4883-4DD8-8A05-23501F7B8A33}.BundleLinux|Any CPU.ActiveCfg = Debug|Any CPU
		{E2228A2B-4883-4DD8-8A05-23501F7B8A33}.BundleLinux|Any CPU.Build.0 = Debug|Any CPU
		{E2228A2B-4883-4DD8-8A05-23501F7B8A33}.BundleLinux|x86.ActiveCfg = Debug|Any CPU
		{E2228A2B-4883-4DD8-8A05-23501F7B8A33}.BundleLinux|x86.Build.0 = Debug|Any CPU
		{E2228A2B-4883-4DD8-8A05-23501F7B8A33}.BundleLinux|x64.ActiveCfg = Debug|Any CPU
		{E2228A2B-4883-4DD8-8A05-23501F7B8A33}.BundleLinux|x64.Build.0 = Debug|Any CPU
		{E2228A2B-4883-4DD8-8A05-23501F7B8A33}.ReleaseWin|x86.ActiveCfg = Release|Any CPU
		{E2228A2B-4883-4DD8-8A05-23501F7B8A33}.ReleaseWin|x86.Build.0 = Release|Any CPU
		{E2228A2B-4883-4DD8-8A05-23501F7B8A33}.ReleaseWinEnterprise|x86.ActiveCfg = Release|Any CPU
		{E2228A2B-4883-4DD8-8A05-23501F7B8A33}.ReleaseWinEnterprise|x86.Build.0 = Release|Any CPU
		{3C0F3944-CBD5-4BD6-83D4-CF33AD6FC68C}.Debug|x86.ActiveCfg = Debug|Any CPU
		{3C0F3944-CBD5-4BD6-83D4-CF33AD6FC68C}.Debug|x86.Build.0 = Debug|Any CPU
		{3C0F3944-CBD5-4BD6-83D4-CF33AD6FC68C}.Release|x86.ActiveCfg = Release|Any CPU
		{3C0F3944-CBD5-4BD6-83D4-CF33AD6FC68C}.Release|x86.Build.0 = Release|Any CPU
		{3C0F3944-CBD5-4BD6-83D4-CF33AD6FC68C}.Debug|x64.ActiveCfg = Debug|Any CPU
		{3C0F3944-CBD5-4BD6-83D4-CF33AD6FC68C}.Debug|x64.Build.0 = Debug|Any CPU
		{3C0F3944-CBD5-4BD6-83D4-CF33AD6FC68C}.Release|x64.ActiveCfg = Release|Any CPU
		{3C0F3944-CBD5-4BD6-83D4-CF33AD6FC68C}.Release|x64.Build.0 = Release|Any CPU
		{3C0F3944-CBD5-4BD6-83D4-CF33AD6FC68C}.BundleLinux|Any CPU.ActiveCfg = Debug|Any CPU
		{3C0F3944-CBD5-4BD6-83D4-CF33AD6FC68C}.BundleLinux|Any CPU.Build.0 = Debug|Any CPU
		{3C0F3944-CBD5-4BD6-83D4-CF33AD6FC68C}.BundleLinux|x86.ActiveCfg = Debug|Any CPU
		{3C0F3944-CBD5-4BD6-83D4-CF33AD6FC68C}.BundleLinux|x86.Build.0 = Debug|Any CPU
		{3C0F3944-CBD5-4BD6-83D4-CF33AD6FC68C}.BundleLinux|x64.ActiveCfg = Debug|Any CPU
		{3C0F3944-CBD5-4BD6-83D4-CF33AD6FC68C}.BundleLinux|x64.Build.0 = Debug|Any CPU
		{3C0F3944-CBD5-4BD6-83D4-CF33AD6FC68C}.ReleaseWin|x86.ActiveCfg = Release|Any CPU
		{3C0F3944-CBD5-4BD6-83D4-CF33AD6FC68C}.ReleaseWin|x86.Build.0 = Release|Any CPU
		{3C0F3944-CBD5-4BD6-83D4-CF33AD6FC68C}.ReleaseWinEnterprise|x86.ActiveCfg = Release|Any CPU
		{3C0F3944-CBD5-4BD6-83D4-CF33AD6FC68C}.ReleaseWinEnterprise|x86.Build.0 = Release|Any CPU
		{5735D438-792E-40CE-BAFD-25814C8879BC}.Debug|x86.ActiveCfg = Debug|Any CPU
		{5735D438-792E-40CE-BAFD-25814C8879BC}.Debug|x86.Build.0 = Debug|Any CPU
		{5735D438-792E-40CE-BAFD-25814C8879BC}.Release|x86.ActiveCfg = Release|Any CPU
		{5735D438-792E-40CE-BAFD-25814C8879BC}.Release|x86.Build.0 = Release|Any CPU
		{5735D438-792E-40CE-BAFD-25814C8879BC}.Debug|x64.ActiveCfg = Debug|Any CPU
		{5735D438-792E-40CE-BAFD-25814C8879BC}.Debug|x64.Build.0 = Debug|Any CPU
		{5735D438-792E-40CE-BAFD-25814C8879BC}.Release|x64.ActiveCfg = Release|Any CPU
		{5735D438-792E-40CE-BAFD-25814C8879BC}.Release|x64.Build.0 = Release|Any CPU
		{5735D438-792E-40CE-BAFD-25814C8879BC}.BundleLinux|Any CPU.ActiveCfg = Debug|Any CPU
		{5735D438-792E-40CE-BAFD-25814C8879BC}.BundleLinux|Any CPU.Build.0 = Debug|Any CPU
		{5735D438-792E-40CE-BAFD-25814C8879BC}.BundleLinux|x86.ActiveCfg = Debug|Any CPU
		{5735D438-792E-40CE-BAFD-25814C8879BC}.BundleLinux|x86.Build.0 = Debug|Any CPU
		{5735D438-792E-40CE-BAFD-25814C8879BC}.BundleLinux|x64.ActiveCfg = Debug|Any CPU
		{5735D438-792E-40CE-BAFD-25814C8879BC}.BundleLinux|x64.Build.0 = Debug|Any CPU
		{5735D438-792E-40CE-BAFD-25814C8879BC}.ReleaseWin|x86.ActiveCfg = Release|Any CPU
		{5735D438-792E-40CE-BAFD-25814C8879BC}.ReleaseWin|x86.Build.0 = Release|Any CPU
		{5735D438-792E-40CE-BAFD-25814C8879BC}.ReleaseWinEnterprise|x86.ActiveCfg = Release|Any CPU
		{5735D438-792E-40CE-BAFD-25814C8879BC}.ReleaseWinEnterprise|x86.Build.0 = Release|Any CPU
		{BA8E8ACF-ECB0-4617-9E09-D1BE93992D0E}.Debug|x86.ActiveCfg = Debug|Any CPU
		{BA8E8ACF-ECB0-4617-9E09-D1BE93992D0E}.Debug|x86.Build.0 = Debug|Any CPU
		{BA8E8ACF-ECB0-4617-9E09-D1BE93992D0E}.Release|x86.ActiveCfg = Release|Any CPU
		{BA8E8ACF-ECB0-4617-9E09-D1BE93992D0E}.Release|x86.Build.0 = Release|Any CPU
		{BA8E8ACF-ECB0-4617-9E09-D1BE93992D0E}.Debug|x64.ActiveCfg = Debug|Any CPU
		{BA8E8ACF-ECB0-4617-9E09-D1BE93992D0E}.Debug|x64.Build.0 = Debug|Any CPU
		{BA8E8ACF-ECB0-4617-9E09-D1BE93992D0E}.Release|x64.ActiveCfg = Release|Any CPU
		{BA8E8ACF-ECB0-4617-9E09-D1BE93992D0E}.Release|x64.Build.0 = Release|Any CPU
		{BA8E8ACF-ECB0-4617-9E09-D1BE93992D0E}.BundleLinux|Any CPU.ActiveCfg = Debug|Any CPU
		{BA8E8ACF-ECB0-4617-9E09-D1BE93992D0E}.BundleLinux|Any CPU.Build.0 = Debug|Any CPU
		{BA8E8ACF-ECB0-4617-9E09-D1BE93992D0E}.BundleLinux|x86.ActiveCfg = Debug|Any CPU
		{BA8E8ACF-ECB0-4617-9E09-D1BE93992D0E}.BundleLinux|x86.Build.0 = Debug|Any CPU
		{BA8E8ACF-ECB0-4617-9E09-D1BE93992D0E}.BundleLinux|x64.ActiveCfg = Debug|Any CPU
		{BA8E8ACF-ECB0-4617-9E09-D1BE93992D0E}.BundleLinux|x64.Build.0 = Debug|Any CPU
		{BA8E8ACF-ECB0-4617-9E09-D1BE93992D0E}.ReleaseWin|x86.ActiveCfg = Release|Any CPU
		{BA8E8ACF-ECB0-4617-9E09-D1BE93992D0E}.ReleaseWin|x86.Build.0 = Release|Any CPU
		{BA8E8ACF-ECB0-4617-9E09-D1BE93992D0E}.ReleaseWinEnterprise|x86.ActiveCfg = Release|Any CPU
		{BA8E8ACF-ECB0-4617-9E09-D1BE93992D0E}.ReleaseWinEnterprise|x86.Build.0 = Release|Any CPU
		{E5AD3408-E67B-432C-8BF1-EC6BB984D7F7}.Debug|x86.ActiveCfg = Debug|Any CPU
		{E5AD3408-E67B-432C-8BF1-EC6BB984D7F7}.Debug|x86.Build.0 = Debug|Any CPU
		{E5AD3408-E67B-432C-8BF1-EC6BB984D7F7}.Release|x86.ActiveCfg = Release|Any CPU
		{E5AD3408-E67B-432C-8BF1-EC6BB984D7F7}.Release|x86.Build.0 = Release|Any CPU
		{E5AD3408-E67B-432C-8BF1-EC6BB984D7F7}.Debug|x64.ActiveCfg = Debug|Any CPU
		{E5AD3408-E67B-432C-8BF1-EC6BB984D7F7}.Debug|x64.Build.0 = Debug|Any CPU
		{E5AD3408-E67B-432C-8BF1-EC6BB984D7F7}.Release|x64.ActiveCfg = Release|Any CPU
		{E5AD3408-E67B-432C-8BF1-EC6BB984D7F7}.Release|x64.Build.0 = Release|Any CPU
		{E5AD3408-E67B-432C-8BF1-EC6BB984D7F7}.BundleLinux|Any CPU.ActiveCfg = Debug|Any CPU
		{E5AD3408-E67B-432C-8BF1-EC6BB984D7F7}.BundleLinux|Any CPU.Build.0 = Debug|Any CPU
		{E5AD3408-E67B-432C-8BF1-EC6BB984D7F7}.BundleLinux|x86.ActiveCfg = Debug|Any CPU
		{E5AD3408-E67B-432C-8BF1-EC6BB984D7F7}.BundleLinux|x86.Build.0 = Debug|Any CPU
		{E5AD3408-E67B-432C-8BF1-EC6BB984D7F7}.BundleLinux|x64.ActiveCfg = Debug|Any CPU
		{E5AD3408-E67B-432C-8BF1-EC6BB984D7F7}.BundleLinux|x64.Build.0 = Debug|Any CPU
		{E5AD3408-E67B-432C-8BF1-EC6BB984D7F7}.ReleaseWin|x86.ActiveCfg = ReleaseWin|Any CPU
		{E5AD3408-E67B-432C-8BF1-EC6BB984D7F7}.ReleaseWin|x86.Build.0 = ReleaseWin|Any CPU
		{E5AD3408-E67B-432C-8BF1-EC6BB984D7F7}.ReleaseWinEnterprise|x86.ActiveCfg = ReleaseWin|Any CPU
		{E5AD3408-E67B-432C-8BF1-EC6BB984D7F7}.ReleaseWinEnterprise|x86.Build.0 = ReleaseWin|Any CPU
		{0F2A9FD4-6FC1-4912-9C8A-72028305A37E}.Debug|x86.ActiveCfg = Debug|Any CPU
		{0F2A9FD4-6FC1-4912-9C8A-72028305A37E}.Debug|x86.Build.0 = Debug|Any CPU
		{0F2A9FD4-6FC1-4912-9C8A-72028305A37E}.Release|x86.ActiveCfg = Release|Any CPU
		{0F2A9FD4-6FC1-4912-9C8A-72028305A37E}.Release|x86.Build.0 = Release|Any CPU
		{0F2A9FD4-6FC1-4912-9C8A-72028305A37E}.Debug|x64.ActiveCfg = Debug|Any CPU
		{0F2A9FD4-6FC1-4912-9C8A-72028305A37E}.Debug|x64.Build.0 = Debug|Any CPU
		{0F2A9FD4-6FC1-4912-9C8A-72028305A37E}.Release|x64.ActiveCfg = Release|Any CPU
		{0F2A9FD4-6FC1-4912-9C8A-72028305A37E}.Release|x64.Build.0 = Release|Any CPU
		{0F2A9FD4-6FC1-4912-9C8A-72028305A37E}.BundleLinux|Any CPU.ActiveCfg = Debug|Any CPU
		{0F2A9FD4-6FC1-4912-9C8A-72028305A37E}.BundleLinux|Any CPU.Build.0 = Debug|Any CPU
		{0F2A9FD4-6FC1-4912-9C8A-72028305A37E}.BundleLinux|x86.ActiveCfg = Debug|Any CPU
		{0F2A9FD4-6FC1-4912-9C8A-72028305A37E}.BundleLinux|x86.Build.0 = Debug|Any CPU
		{0F2A9FD4-6FC1-4912-9C8A-72028305A37E}.BundleLinux|x64.ActiveCfg = Debug|Any CPU
		{0F2A9FD4-6FC1-4912-9C8A-72028305A37E}.BundleLinux|x64.Build.0 = Debug|Any CPU
		{0F2A9FD4-6FC1-4912-9C8A-72028305A37E}.ReleaseWin|x86.ActiveCfg = Release|Any CPU
		{0F2A9FD4-6FC1-4912-9C8A-72028305A37E}.ReleaseWin|x86.Build.0 = Release|Any CPU
		{0F2A9FD4-6FC1-4912-9C8A-72028305A37E}.ReleaseWinEnterprise|x86.ActiveCfg = Release|Any CPU
		{0F2A9FD4-6FC1-4912-9C8A-72028305A37E}.ReleaseWinEnterprise|x86.Build.0 = Release|Any CPU
		{F22749B2-E35B-455D-BD8D-081373B16FC7}.Debug|x86.ActiveCfg = Debug|Any CPU
		{F22749B2-E35B-455D-BD8D-081373B16FC7}.Debug|x86.Build.0 = Debug|Any CPU
		{F22749B2-E35B-455D-BD8D-081373B16FC7}.Release|x86.ActiveCfg = Release|Any CPU
		{F22749B2-E35B-455D-BD8D-081373B16FC7}.Release|x86.Build.0 = Release|Any CPU
		{F22749B2-E35B-455D-BD8D-081373B16FC7}.Debug|x64.ActiveCfg = Debug|Any CPU
		{F22749B2-E35B-455D-BD8D-081373B16FC7}.Debug|x64.Build.0 = Debug|Any CPU
		{F22749B2-E35B-455D-BD8D-081373B16FC7}.Release|x64.ActiveCfg = Release|Any CPU
		{F22749B2-E35B-455D-BD8D-081373B16FC7}.Release|x64.Build.0 = Release|Any CPU
		{F22749B2-E35B-455D-BD8D-081373B16FC7}.BundleLinux|Any CPU.ActiveCfg = Debug|Any CPU
		{F22749B2-E35B-455D-BD8D-081373B16FC7}.BundleLinux|Any CPU.Build.0 = Debug|Any CPU
		{F22749B2-E35B-455D-BD8D-081373B16FC7}.BundleLinux|x86.ActiveCfg = Debug|Any CPU
		{F22749B2-E35B-455D-BD8D-081373B16FC7}.BundleLinux|x86.Build.0 = Debug|Any CPU
		{F22749B2-E35B-455D-BD8D-081373B16FC7}.BundleLinux|x64.ActiveCfg = Debug|Any CPU
		{F22749B2-E35B-455D-BD8D-081373B16FC7}.BundleLinux|x64.Build.0 = Debug|Any CPU
		{F22749B2-E35B-455D-BD8D-081373B16FC7}.ReleaseWin|x86.ActiveCfg = Release|Any CPU
		{F22749B2-E35B-455D-BD8D-081373B16FC7}.ReleaseWin|x86.Build.0 = Release|Any CPU
		{F22749B2-E35B-455D-BD8D-081373B16FC7}.ReleaseWinEnterprise|x86.ActiveCfg = Release|Any CPU
		{F22749B2-E35B-455D-BD8D-081373B16FC7}.ReleaseWinEnterprise|x86.Build.0 = Release|Any CPU
		{42708CEE-08D8-43D5-AFE0-9992EB46E9F9}.Debug|x86.ActiveCfg = Debug|Any CPU
		{42708CEE-08D8-43D5-AFE0-9992EB46E9F9}.Debug|x86.Build.0 = Debug|Any CPU
		{42708CEE-08D8-43D5-AFE0-9992EB46E9F9}.Release|x86.ActiveCfg = Release|Any CPU
		{42708CEE-08D8-43D5-AFE0-9992EB46E9F9}.Release|x86.Build.0 = Release|Any CPU
		{42708CEE-08D8-43D5-AFE0-9992EB46E9F9}.Debug|x64.ActiveCfg = Debug|Any CPU
		{42708CEE-08D8-43D5-AFE0-9992EB46E9F9}.Debug|x64.Build.0 = Debug|Any CPU
		{42708CEE-08D8-43D5-AFE0-9992EB46E9F9}.Release|x64.ActiveCfg = Release|Any CPU
		{42708CEE-08D8-43D5-AFE0-9992EB46E9F9}.Release|x64.Build.0 = Release|Any CPU
		{42708CEE-08D8-43D5-AFE0-9992EB46E9F9}.BundleLinux|Any CPU.ActiveCfg = Debug|Any CPU
		{42708CEE-08D8-43D5-AFE0-9992EB46E9F9}.BundleLinux|Any CPU.Build.0 = Debug|Any CPU
		{42708CEE-08D8-43D5-AFE0-9992EB46E9F9}.BundleLinux|x86.ActiveCfg = Debug|Any CPU
		{42708CEE-08D8-43D5-AFE0-9992EB46E9F9}.BundleLinux|x86.Build.0 = Debug|Any CPU
		{42708CEE-08D8-43D5-AFE0-9992EB46E9F9}.BundleLinux|x64.ActiveCfg = Debug|Any CPU
		{42708CEE-08D8-43D5-AFE0-9992EB46E9F9}.BundleLinux|x64.Build.0 = Debug|Any CPU
		{42708CEE-08D8-43D5-AFE0-9992EB46E9F9}.ReleaseWin|x86.ActiveCfg = Release|Any CPU
		{42708CEE-08D8-43D5-AFE0-9992EB46E9F9}.ReleaseWin|x86.Build.0 = Release|Any CPU
		{42708CEE-08D8-43D5-AFE0-9992EB46E9F9}.ReleaseWinEnterprise|x86.ActiveCfg = Release|Any CPU
		{42708CEE-08D8-43D5-AFE0-9992EB46E9F9}.ReleaseWinEnterprise|x86.Build.0 = Release|Any CPU
		{9EBC7EFD-CD37-45D3-97AB-24CB38D986B6}.Debug|x86.ActiveCfg = Debug|Any CPU
		{9EBC7EFD-CD37-45D3-97AB-24CB38D986B6}.Debug|x86.Build.0 = Debug|Any CPU
		{9EBC7EFD-CD37-45D3-97AB-24CB38D986B6}.Release|x86.ActiveCfg = Release|Any CPU
		{9EBC7EFD-CD37-45D3-97AB-24CB38D986B6}.Release|x86.Build.0 = Release|Any CPU
		{9EBC7EFD-CD37-45D3-97AB-24CB38D986B6}.Debug|x64.ActiveCfg = Debug|Any CPU
		{9EBC7EFD-CD37-45D3-97AB-24CB38D986B6}.Debug|x64.Build.0 = Debug|Any CPU
		{9EBC7EFD-CD37-45D3-97AB-24CB38D986B6}.Release|x64.ActiveCfg = Release|Any CPU
		{9EBC7EFD-CD37-45D3-97AB-24CB38D986B6}.Release|x64.Build.0 = Release|Any CPU
		{9EBC7EFD-CD37-45D3-97AB-24CB38D986B6}.BundleLinux|Any CPU.ActiveCfg = Debug|Any CPU
		{9EBC7EFD-CD37-45D3-97AB-24CB38D986B6}.BundleLinux|Any CPU.Build.0 = Debug|Any CPU
		{9EBC7EFD-CD37-45D3-97AB-24CB38D986B6}.BundleLinux|x86.ActiveCfg = Debug|Any CPU
		{9EBC7EFD-CD37-45D3-97AB-24CB38D986B6}.BundleLinux|x86.Build.0 = Debug|Any CPU
		{9EBC7EFD-CD37-45D3-97AB-24CB38D986B6}.BundleLinux|x64.ActiveCfg = Debug|Any CPU
		{9EBC7EFD-CD37-45D3-97AB-24CB38D986B6}.BundleLinux|x64.Build.0 = Debug|Any CPU
		{9EBC7EFD-CD37-45D3-97AB-24CB38D986B6}.ReleaseWin|x86.ActiveCfg = Release|Any CPU
		{9EBC7EFD-CD37-45D3-97AB-24CB38D986B6}.ReleaseWin|x86.Build.0 = Release|Any CPU
		{9EBC7EFD-CD37-45D3-97AB-24CB38D986B6}.ReleaseWinEnterprise|x86.ActiveCfg = Release|Any CPU
		{9EBC7EFD-CD37-45D3-97AB-24CB38D986B6}.ReleaseWinEnterprise|x86.Build.0 = Release|Any CPU
		{76858A6F-44D1-44E0-B9F3-B80B1B96AD25}.Debug|x86.ActiveCfg = Debug|Any CPU
		{76858A6F-44D1-44E0-B9F3-B80B1B96AD25}.Debug|x86.Build.0 = Debug|Any CPU
		{76858A6F-44D1-44E0-B9F3-B80B1B96AD25}.Release|x86.ActiveCfg = Release|Any CPU
		{76858A6F-44D1-44E0-B9F3-B80B1B96AD25}.Release|x86.Build.0 = Release|Any CPU
		{76858A6F-44D1-44E0-B9F3-B80B1B96AD25}.Debug|x64.ActiveCfg = Debug|Any CPU
		{76858A6F-44D1-44E0-B9F3-B80B1B96AD25}.Debug|x64.Build.0 = Debug|Any CPU
		{76858A6F-44D1-44E0-B9F3-B80B1B96AD25}.Release|x64.ActiveCfg = Release|Any CPU
		{76858A6F-44D1-44E0-B9F3-B80B1B96AD25}.Release|x64.Build.0 = Release|Any CPU
		{76858A6F-44D1-44E0-B9F3-B80B1B96AD25}.BundleLinux|Any CPU.ActiveCfg = Debug|Any CPU
		{76858A6F-44D1-44E0-B9F3-B80B1B96AD25}.BundleLinux|Any CPU.Build.0 = Debug|Any CPU
		{76858A6F-44D1-44E0-B9F3-B80B1B96AD25}.BundleLinux|x86.ActiveCfg = Debug|Any CPU
		{76858A6F-44D1-44E0-B9F3-B80B1B96AD25}.BundleLinux|x86.Build.0 = Debug|Any CPU
		{76858A6F-44D1-44E0-B9F3-B80B1B96AD25}.BundleLinux|x64.ActiveCfg = Debug|Any CPU
		{76858A6F-44D1-44E0-B9F3-B80B1B96AD25}.BundleLinux|x64.Build.0 = Debug|Any CPU
		{76858A6F-44D1-44E0-B9F3-B80B1B96AD25}.ReleaseWin|x86.ActiveCfg = Release|Any CPU
		{76858A6F-44D1-44E0-B9F3-B80B1B96AD25}.ReleaseWin|x86.Build.0 = Release|Any CPU
		{76858A6F-44D1-44E0-B9F3-B80B1B96AD25}.ReleaseWinEnterprise|x86.ActiveCfg = Release|Any CPU
		{76858A6F-44D1-44E0-B9F3-B80B1B96AD25}.ReleaseWinEnterprise|x86.Build.0 = Release|Any CPU
		{8984DB2F-4849-4F5B-915C-CE69537E93A8}.Debug|x86.ActiveCfg = Debug|Any CPU
		{8984DB2F-4849-4F5B-915C-CE69537E93A8}.Debug|x86.Build.0 = Debug|Any CPU
		{8984DB2F-4849-4F5B-915C-CE69537E93A8}.Release|x86.ActiveCfg = Release|Any CPU
		{8984DB2F-4849-4F5B-915C-CE69537E93A8}.Release|x86.Build.0 = Release|Any CPU
		{8984DB2F-4849-4F5B-915C-CE69537E93A8}.Debug|x64.ActiveCfg = Debug|Any CPU
		{8984DB2F-4849-4F5B-915C-CE69537E93A8}.Debug|x64.Build.0 = Debug|Any CPU
		{8984DB2F-4849-4F5B-915C-CE69537E93A8}.Release|x64.ActiveCfg = Release|Any CPU
		{8984DB2F-4849-4F5B-915C-CE69537E93A8}.Release|x64.Build.0 = Release|Any CPU
		{8984DB2F-4849-4F5B-915C-CE69537E93A8}.BundleLinux|Any CPU.ActiveCfg = Debug|Any CPU
		{8984DB2F-4849-4F5B-915C-CE69537E93A8}.BundleLinux|Any CPU.Build.0 = Debug|Any CPU
		{8984DB2F-4849-4F5B-915C-CE69537E93A8}.BundleLinux|x86.ActiveCfg = Debug|Any CPU
		{8984DB2F-4849-4F5B-915C-CE69537E93A8}.BundleLinux|x86.Build.0 = Debug|Any CPU
		{8984DB2F-4849-4F5B-915C-CE69537E93A8}.BundleLinux|x64.ActiveCfg = Debug|Any CPU
		{8984DB2F-4849-4F5B-915C-CE69537E93A8}.BundleLinux|x64.Build.0 = Debug|Any CPU
		{8984DB2F-4849-4F5B-915C-CE69537E93A8}.ReleaseWin|x86.ActiveCfg = Release|Any CPU
		{8984DB2F-4849-4F5B-915C-CE69537E93A8}.ReleaseWin|x86.Build.0 = Release|Any CPU
		{8984DB2F-4849-4F5B-915C-CE69537E93A8}.ReleaseWinEnterprise|x86.ActiveCfg = Release|Any CPU
		{8984DB2F-4849-4F5B-915C-CE69537E93A8}.ReleaseWinEnterprise|x86.Build.0 = Release|Any CPU
		{6D755374-6EAF-44B6-8C6C-6FE5E5AB3432}.Debug|x86.ActiveCfg = Debug|x86
		{6D755374-6EAF-44B6-8C6C-6FE5E5AB3432}.Debug|x86.Build.0 = Debug|x86
		{6D755374-6EAF-44B6-8C6C-6FE5E5AB3432}.Release|x86.ActiveCfg = Release|x86
		{6D755374-6EAF-44B6-8C6C-6FE5E5AB3432}.Release|x86.Build.0 = Release|x86
		{6D755374-6EAF-44B6-8C6C-6FE5E5AB3432}.Debug|x64.ActiveCfg = Debug|x86
		{6D755374-6EAF-44B6-8C6C-6FE5E5AB3432}.Debug|x64.Build.0 = Debug|x86
		{6D755374-6EAF-44B6-8C6C-6FE5E5AB3432}.Release|x64.ActiveCfg = Debug|x86
		{6D755374-6EAF-44B6-8C6C-6FE5E5AB3432}.Release|x64.Build.0 = Debug|x86
		{6D755374-6EAF-44B6-8C6C-6FE5E5AB3432}.BundleLinux|Any CPU.ActiveCfg = Debug|x86
		{6D755374-6EAF-44B6-8C6C-6FE5E5AB3432}.BundleLinux|Any CPU.Build.0 = Debug|x86
		{6D755374-6EAF-44B6-8C6C-6FE5E5AB3432}.BundleLinux|x86.ActiveCfg = Debug|x86
		{6D755374-6EAF-44B6-8C6C-6FE5E5AB3432}.BundleLinux|x86.Build.0 = Debug|x86
		{6D755374-6EAF-44B6-8C6C-6FE5E5AB3432}.BundleLinux|x64.ActiveCfg = Debug|x86
		{6D755374-6EAF-44B6-8C6C-6FE5E5AB3432}.BundleLinux|x64.Build.0 = Debug|x86
		{6D755374-6EAF-44B6-8C6C-6FE5E5AB3432}.ReleaseWin|x86.ActiveCfg = Release|x86
		{6D755374-6EAF-44B6-8C6C-6FE5E5AB3432}.ReleaseWin|x86.Build.0 = Release|x86
		{6D755374-6EAF-44B6-8C6C-6FE5E5AB3432}.ReleaseWinEnterprise|x86.ActiveCfg = Release|x86
		{6D755374-6EAF-44B6-8C6C-6FE5E5AB3432}.ReleaseWinEnterprise|x86.Build.0 = Release|x86
	EndGlobalSection
	GlobalSection(NestedProjects) = preSolution
		{A6C1914F-7732-49F5-BABA-8BBBA521FAAB} = {792D3656-91FD-45AA-A40B-A0D63306A113}
		{4B502FE5-D419-4B5C-9276-0A25EF2F508A} = {792D3656-91FD-45AA-A40B-A0D63306A113}
		{5A2BB01E-E124-432E-8099-D1343D3897B9} = {792D3656-91FD-45AA-A40B-A0D63306A113}
		{00D32969-612C-417E-9565-BEC6A7719F80} = {792D3656-91FD-45AA-A40B-A0D63306A113}
		{AD329D59-938D-42AC-ABE2-B0F14FDBB7C6} = {792D3656-91FD-45AA-A40B-A0D63306A113}
		{769710D2-BF98-4120-9E07-67BD740CFA1D} = {792D3656-91FD-45AA-A40B-A0D63306A113}
		{0033159F-9183-42E9-AF46-7DF28E41B797} = {18CAA370-49FE-4023-9602-708344350314}
		{42079D47-D372-4DEE-B9BE-FB5B56A70DC2} = {18CAA370-49FE-4023-9602-708344350314}
		{1BF2A638-420D-456C-96A7-36873A0FB894} = {0033159F-9183-42E9-AF46-7DF28E41B797}
		{190CEA0D-EA23-4C91-8030-203A5AFED7B7} = {0033159F-9183-42E9-AF46-7DF28E41B797}
		{54F958F5-7E58-4C89-9A04-8835E63B97C3} = {42079D47-D372-4DEE-B9BE-FB5B56A70DC2}
		{3DCDD84A-20D0-4939-BE25-58B19F3961F2} = {792D3656-91FD-45AA-A40B-A0D63306A113}
		{EB4F19F8-2CC9-4712-9949-760A441A56FE} = {792D3656-91FD-45AA-A40B-A0D63306A113}
		{9C0363D4-EE69-45B8-BA45-BDA24CE35A06} = {792D3656-91FD-45AA-A40B-A0D63306A113}
		{5419AAE0-04BE-4258-A2C0-F4D3F3FCA295} = {18CAA370-49FE-4023-9602-708344350314}
		{921488F1-F4FC-4438-920E-86E57442B253} = {5419AAE0-04BE-4258-A2C0-F4D3F3FCA295}
		{C97E91F4-B310-44E2-9B6C-96775395722D} = {5419AAE0-04BE-4258-A2C0-F4D3F3FCA295}
		{D9F4197F-52D2-49F0-8DAF-E2884733CF2D} = {5419AAE0-04BE-4258-A2C0-F4D3F3FCA295}
		{28A78143-42E3-40E7-86F5-DD7E1679BE86} = {792D3656-91FD-45AA-A40B-A0D63306A113}
		{D30A23BF-C5DC-4A1B-95FC-9C2038D46E8E} = {792D3656-91FD-45AA-A40B-A0D63306A113}
		{E2228A2B-4883-4DD8-8A05-23501F7B8A33} = {792D3656-91FD-45AA-A40B-A0D63306A113}
		{3C0F3944-CBD5-4BD6-83D4-CF33AD6FC68C} = {792D3656-91FD-45AA-A40B-A0D63306A113}
		{5735D438-792E-40CE-BAFD-25814C8879BC} = {0033159F-9183-42E9-AF46-7DF28E41B797}
		{BA8E8ACF-ECB0-4617-9E09-D1BE93992D0E} = {792D3656-91FD-45AA-A40B-A0D63306A113}
		{0F2A9FD4-6FC1-4912-9C8A-72028305A37E} = {792D3656-91FD-45AA-A40B-A0D63306A113}
		{F22749B2-E35B-455D-BD8D-081373B16FC7} = {792D3656-91FD-45AA-A40B-A0D63306A113}
		{42708CEE-08D8-43D5-AFE0-9992EB46E9F9} = {792D3656-91FD-45AA-A40B-A0D63306A113}
		{9EBC7EFD-CD37-45D3-97AB-24CB38D986B6} = {792D3656-91FD-45AA-A40B-A0D63306A113}
		{76858A6F-44D1-44E0-B9F3-B80B1B96AD25} = {792D3656-91FD-45AA-A40B-A0D63306A113}
		{8984DB2F-4849-4F5B-915C-CE69537E93A8} = {792D3656-91FD-45AA-A40B-A0D63306A113}
		{6D755374-6EAF-44B6-8C6C-6FE5E5AB3432} = {792D3656-91FD-45AA-A40B-A0D63306A113}
	EndGlobalSection
	GlobalSection(MonoDevelopProperties) = preSolution
		Policies = $0
		$0.DotNetNamingPolicy = $1
		$1.DirectoryNamespaceAssociation = PrefixedHierarchical
		$1.ResourceNamePolicy = MSBuild
		$0.TextStylePolicy = $2
		$2.scope = text/x-csharp
		$2.FileWidth = 80
		$2.NoTabsAfterNonTabs = True
		$2.EolMarker = Unix
		$0.CSharpFormattingPolicy = $3
		$3.scope = text/x-csharp
		$3.NewLinesForBracesInProperties = False
		$3.NewLinesForBracesInAccessors = False
		$3.NewLinesForBracesInAnonymousMethods = False
		$3.NewLinesForBracesInControlBlocks = False
		$3.NewLinesForBracesInAnonymousTypes = False
		$3.NewLinesForBracesInObjectCollectionArrayInitializers = False
		$3.NewLinesForBracesInLambdaExpressionBody = False
		$3.SpaceAfterControlFlowStatementKeyword = False
		$0.TextStylePolicy = $4
		$4.FileWidth = 80
		$4.NoTabsAfterNonTabs = True
		$4.scope = text/plain
		$4.EolMarker = Unix
		$0.TextStylePolicy = $5
		$5.inheritsSet = null
		$5.scope = text/x-sql
		version = 1.0
	EndGlobalSection
EndGlobal
