
Microsoft Visual Studio Solution File, Format Version 12.00
Project("{FAE04EC0-301F-11D3-BF4B-00C04F79EFBC}") = "QS.Cloud.WearLk.Client", "QS.Cloud.WearLk.Client\QS.Cloud.WearLk.Client.csproj", "{39AB71A6-C533-4F17-8B72-67AFACF0395F}"
EndProject
Global
	GlobalSection(SolutionConfigurationPlatforms) = preSolution
		Debug|Any CPU = Debug|Any CPU
		Release|Any CPU = Release|Any CPU
	EndGlobalSection
	GlobalSection(ProjectConfigurationPlatforms) = postSolution
		{39AB71A6-C533-4F17-8B72-67AFACF0395F}.Debug|Any CPU.ActiveCfg = Debug|Any CPU
		{39AB71A6-C533-4F17-8B72-67AFACF0395F}.Debug|Any CPU.Build.0 = Debug|Any CPU
		{39AB71A6-C533-4F17-8B72-67AFACF0395F}.Release|Any CPU.ActiveCfg = Release|Any CPU
		{39AB71A6-C533-4F17-8B72-67AFACF0395F}.Release|Any CPU.Build.0 = Release|Any CPU
	EndGlobalSection
EndGlobal
