
Microsoft Visual Studio Solution File, Format Version 12.00
Project("{FAE04EC0-301F-11D3-BF4B-00C04F79EFBC}") = "QS.Cloud.WearLk.Client", "QS.Cloud.WearLk.Client\QS.Cloud.WearLk.Client.csproj", "{39AB71A6-C533-4F17-8B72-67AFACF0395F}"
EndProject
Project("{FAE04EC0-301F-11D3-BF4B-00C04F79EFBC}") = "Workwear.Core", "Workwear.Core\Workwear.Core.csproj", "{8F85AB20-0F1A-42B9-84FD-F8998E39FCC6}"
EndProject
Project("{FAE04EC0-301F-11D3-BF4B-00C04F79EFBC}") = "Workwear.Sql", "Workwear.Sql\Workwear.Sql.csproj", "{BD3512F9-0B7B-4FD6-B865-4AB24B44992C}"
EndProject
Project("{FAE04EC0-301F-11D3-BF4B-00C04F79EFBC}") = "Workwear.Test.Sql", "Workwear.Test.Sql\Workwear.Test.Sql.csproj", "{7CB81C3D-6A1B-4812-B594-484832D269FB}"
EndProject
Project("{2150E333-8FDC-42A3-9474-1A3956D46DE8}") = "QSLibs", "QSLibs", "{76B90BB6-7148-482C-A624-4E4669AAC405}"
EndProject
Project("{FAE04EC0-301F-11D3-BF4B-00C04F79EFBC}") = "QS.Updater.Core", "QSProjects\QS.Updater.Core\QS.Updater.Core.csproj", "{7DC70497-54DD-4ECF-B88E-5AE36DFEFE39}"
EndProject
Project("{FAE04EC0-301F-11D3-BF4B-00C04F79EFBC}") = "QS.Utilities", "QSProjects\QS.Utilities\QS.Utilities.csproj", "{E2228A2B-4883-4DD8-8A05-23501F7B8A33}"
EndProject
Project("{2150E333-8FDC-42A3-9474-1A3956D46DE8}") = "Gamma", "Gamma", "{845E119F-7C74-4386-8E4D-FC0014D86D34}"
EndProject
Project("{FAE04EC0-301F-11D3-BF4B-00C04F79EFBC}") = "Gamma.Utilities", "QSProjects\Binding\Gamma.Utilities\Gamma.Utilities.csproj", "{1BF2A638-420D-456C-96A7-36873A0FB894}"
EndProject
Project("{FAE04EC0-301F-11D3-BF4B-00C04F79EFBC}") = "QS.Project.Desktop", "QSProjects\QS.Project.Desktop\QS.Project.Desktop.csproj", "{5EF2A7DA-3886-4809-95DF-880BD783A211}"
EndProject
Project("{FAE04EC0-301F-11D3-BF4B-00C04F79EFBC}") = "QS.Project.Core", "QSProjects\QS.Project.Core\QS.Project.Core.csproj", "{C01AE5A4-3CFF-4C7B-884D-45B07ACDE761}"
EndProject
Project("{FAE04EC0-301F-11D3-BF4B-00C04F79EFBC}") = "Workwear.Desktop", "Workwear.Desktop\Workwear.Desktop.csproj", "{45B650C2-CF4D-4E34-9385-44E7C40A66C4}"
EndProject
Project("{FAE04EC0-301F-11D3-BF4B-00C04F79EFBC}") = "Workwear.Test", "Workwear.Test\Workwear.Test.csproj", "{AC8723E5-3102-4184-9C05-B93EAB133047}"
EndProject
Project("{FAE04EC0-301F-11D3-BF4B-00C04F79EFBC}") = "QS.Testing", "QSProjects\QS.Testing\QS.Testing.csproj", "{BA8E8ACF-ECB0-4617-9E09-D1BE93992D0E}"
EndProject
Project("{FAE04EC0-301F-11D3-BF4B-00C04F79EFBC}") = "QS.HistoryLog", "QSProjects\QS.HistoryLog\QS.HistoryLog.csproj", "{3D3D6700-C625-46C5-9702-5F010A8DD035}"
EndProject
Project("{FAE04EC0-301F-11D3-BF4B-00C04F79EFBC}") = "QS.Cloud.Client", "QSProjects\QS.Cloud.Client\QS.Cloud.Client.csproj", "{B7558590-3C43-4946-B8D5-B99D3F68E450}"
EndProject
Project("{FAE04EC0-301F-11D3-BF4B-00C04F79EFBC}") = "QS.Project.Abstract", "QSProjects\QS.Project.Abstract\QS.Project.Abstract.csproj", "{E95BE5DC-A197-4657-87DC-A2D677EADB76}"
EndProject
Project("{FAE04EC0-301F-11D3-BF4B-00C04F79EFBC}") = "QS.BaseParameters", "QSProjects\QS.BaseParameters\QS.BaseParameters.csproj", "{A869EC36-67D2-4A36-95E9-0B1E7350928F}"
EndProject
Project("{FAE04EC0-301F-11D3-BF4B-00C04F79EFBC}") = "QS.ErrorReporting", "QSProjects\QS.ErrorReporting\QS.ErrorReporting.csproj", "{7BAFF136-4379-4D1D-A554-7DC340CAF7A2}"
EndProject
Project("{2150E333-8FDC-42A3-9474-1A3956D46DE8}") = "External", "External", "{B9D9C05D-21A4-4061-9DDD-D946544BCBAA}"
EndProject
Project("{FAE04EC0-301F-11D3-BF4B-00C04F79EFBC}") = "System.Data.Bindings", "Gtk.DataBindings\System.Data.Bindings\System.Data.Bindings.csproj", "{65A8E08B-8FE2-4C4C-9679-D150BA2015C9}"
EndProject
Project("{FAE04EC0-301F-11D3-BF4B-00C04F79EFBC}") = "QS.ErrorReporting.Client", "QSProjects\QS.ErrorReporting.Client\QS.ErrorReporting.Client.csproj", "{BABA2CB7-6EFE-4B1B-9324-74CBCBACF257}"
EndProject
Project("{FAE04EC0-301F-11D3-BF4B-00C04F79EFBC}") = "QS.BusinessCommon", "QSProjects\Modules\QS.BusinessCommon\QS.BusinessCommon.csproj", "{F22749B2-E35B-455D-BD8D-081373B16FC7}"
EndProject
Project("{FAE04EC0-301F-11D3-BF4B-00C04F79EFBC}") = "QS.Features", "QSProjects\QS.Features\QS.Features.csproj", "{8984DB2F-4849-4F5B-915C-CE69537E93A8}"
EndProject
Project("{FAE04EC0-301F-11D3-BF4B-00C04F79EFBC}") = "QS.Report.Core", "QSProjects\QS.Report.Core\QS.Report.Core.csproj", "{3E194A95-AC31-43D0-B93D-64164402A6DD}"
EndProject
Project("{FAE04EC0-301F-11D3-BF4B-00C04F79EFBC}") = "QS.Updater.App", "QSProjects\QS.Updater.App\QS.Updater.App.csproj", "{45929A9F-7D94-4E85-9332-6CB7B2D5A03A}"
EndProject
Project("{FAE04EC0-301F-11D3-BF4B-00C04F79EFBC}") = "QS.Configuration", "QSProjects\QS.Configuration\QS.Configuration.csproj", "{5D124360-C8FB-4779-958B-0DA5D6B90C29}"
EndProject
Project("{FAE04EC0-301F-11D3-BF4B-00C04F79EFBC}") = "QS.Updater.Desktop", "QSProjects\QS.Updater.Desktop\QS.Updater.Desktop.csproj", "{C776EE5A-1795-439B-BB7D-9AB1B20EEAC4}"
EndProject
Project("{FAE04EC0-301F-11D3-BF4B-00C04F79EFBC}") = "QS.Updates.Client", "QSProjects\QS.Updates.Client\QS.Updates.Client.csproj", "{08451B0A-4E72-4B12-B422-B36E9047DCAF}"
EndProject
Project("{FAE04EC0-301F-11D3-BF4B-00C04F79EFBC}") = "QS.Extensions.Observable", "QSProjects\QS.Extensions.Observable\QS.Extensions.Observable.csproj", "{2A0710B2-B71B-4959-88DA-0940100E172A}"
EndProject
Global
	GlobalSection(SolutionConfigurationPlatforms) = preSolution
		Debug|Any CPU = Debug|Any CPU
		Release|Any CPU = Release|Any CPU
	EndGlobalSection
	GlobalSection(ProjectConfigurationPlatforms) = postSolution
		{39AB71A6-C533-4F17-8B72-67AFACF0395F}.Debug|Any CPU.ActiveCfg = Debug|Any CPU
		{39AB71A6-C533-4F17-8B72-67AFACF0395F}.Debug|Any CPU.Build.0 = Debug|Any CPU
		{39AB71A6-C533-4F17-8B72-67AFACF0395F}.Release|Any CPU.ActiveCfg = Release|Any CPU
		{39AB71A6-C533-4F17-8B72-67AFACF0395F}.Release|Any CPU.Build.0 = Release|Any CPU
		{8F85AB20-0F1A-42B9-84FD-F8998E39FCC6}.Debug|Any CPU.ActiveCfg = Debug|Any CPU
		{8F85AB20-0F1A-42B9-84FD-F8998E39FCC6}.Debug|Any CPU.Build.0 = Debug|Any CPU
		{8F85AB20-0F1A-42B9-84FD-F8998E39FCC6}.Release|Any CPU.ActiveCfg = Release|Any CPU
		{8F85AB20-0F1A-42B9-84FD-F8998E39FCC6}.Release|Any CPU.Build.0 = Release|Any CPU
		{BD3512F9-0B7B-4FD6-B865-4AB24B44992C}.Debug|Any CPU.ActiveCfg = Debug|Any CPU
		{BD3512F9-0B7B-4FD6-B865-4AB24B44992C}.Debug|Any CPU.Build.0 = Debug|Any CPU
		{BD3512F9-0B7B-4FD6-B865-4AB24B44992C}.Release|Any CPU.ActiveCfg = Release|Any CPU
		{BD3512F9-0B7B-4FD6-B865-4AB24B44992C}.Release|Any CPU.Build.0 = Release|Any CPU
		{7CB81C3D-6A1B-4812-B594-484832D269FB}.Debug|Any CPU.ActiveCfg = Debug|Any CPU
		{7CB81C3D-6A1B-4812-B594-484832D269FB}.Debug|Any CPU.Build.0 = Debug|Any CPU
		{7CB81C3D-6A1B-4812-B594-484832D269FB}.Release|Any CPU.ActiveCfg = Release|Any CPU
		{7CB81C3D-6A1B-4812-B594-484832D269FB}.Release|Any CPU.Build.0 = Release|Any CPU
		{7DC70497-54DD-4ECF-B88E-5AE36DFEFE39}.Debug|Any CPU.ActiveCfg = Debug|Any CPU
		{7DC70497-54DD-4ECF-B88E-5AE36DFEFE39}.Debug|Any CPU.Build.0 = Debug|Any CPU
		{7DC70497-54DD-4ECF-B88E-5AE36DFEFE39}.Release|Any CPU.ActiveCfg = Release|Any CPU
		{7DC70497-54DD-4ECF-B88E-5AE36DFEFE39}.Release|Any CPU.Build.0 = Release|Any CPU
		{E2228A2B-4883-4DD8-8A05-23501F7B8A33}.Debug|Any CPU.ActiveCfg = Debug|Any CPU
		{E2228A2B-4883-4DD8-8A05-23501F7B8A33}.Debug|Any CPU.Build.0 = Debug|Any CPU
		{E2228A2B-4883-4DD8-8A05-23501F7B8A33}.Release|Any CPU.ActiveCfg = Release|Any CPU
		{E2228A2B-4883-4DD8-8A05-23501F7B8A33}.Release|Any CPU.Build.0 = Release|Any CPU
		{1BF2A638-420D-456C-96A7-36873A0FB894}.Debug|Any CPU.ActiveCfg = Debug|Any CPU
		{1BF2A638-420D-456C-96A7-36873A0FB894}.Debug|Any CPU.Build.0 = Debug|Any CPU
		{1BF2A638-420D-456C-96A7-36873A0FB894}.Release|Any CPU.ActiveCfg = Release|Any CPU
		{1BF2A638-420D-456C-96A7-36873A0FB894}.Release|Any CPU.Build.0 = Release|Any CPU
		{5EF2A7DA-3886-4809-95DF-880BD783A211}.Debug|Any CPU.ActiveCfg = Debug|Any CPU
		{5EF2A7DA-3886-4809-95DF-880BD783A211}.Debug|Any CPU.Build.0 = Debug|Any CPU
		{5EF2A7DA-3886-4809-95DF-880BD783A211}.Release|Any CPU.ActiveCfg = Release|Any CPU
		{5EF2A7DA-3886-4809-95DF-880BD783A211}.Release|Any CPU.Build.0 = Release|Any CPU
		{C01AE5A4-3CFF-4C7B-884D-45B07ACDE761}.Debug|Any CPU.ActiveCfg = Debug|Any CPU
		{C01AE5A4-3CFF-4C7B-884D-45B07ACDE761}.Debug|Any CPU.Build.0 = Debug|Any CPU
		{C01AE5A4-3CFF-4C7B-884D-45B07ACDE761}.Release|Any CPU.ActiveCfg = Release|Any CPU
		{C01AE5A4-3CFF-4C7B-884D-45B07ACDE761}.Release|Any CPU.Build.0 = Release|Any CPU
		{45B650C2-CF4D-4E34-9385-44E7C40A66C4}.Debug|Any CPU.ActiveCfg = Debug|Any CPU
		{45B650C2-CF4D-4E34-9385-44E7C40A66C4}.Debug|Any CPU.Build.0 = Debug|Any CPU
		{45B650C2-CF4D-4E34-9385-44E7C40A66C4}.Release|Any CPU.ActiveCfg = Release|Any CPU
		{45B650C2-CF4D-4E34-9385-44E7C40A66C4}.Release|Any CPU.Build.0 = Release|Any CPU
		{AC8723E5-3102-4184-9C05-B93EAB133047}.Debug|Any CPU.ActiveCfg = Debug|Any CPU
		{AC8723E5-3102-4184-9C05-B93EAB133047}.Debug|Any CPU.Build.0 = Debug|Any CPU
		{AC8723E5-3102-4184-9C05-B93EAB133047}.Release|Any CPU.ActiveCfg = Release|Any CPU
		{AC8723E5-3102-4184-9C05-B93EAB133047}.Release|Any CPU.Build.0 = Release|Any CPU
		{BA8E8ACF-ECB0-4617-9E09-D1BE93992D0E}.Debug|Any CPU.ActiveCfg = Debug|Any CPU
		{BA8E8ACF-ECB0-4617-9E09-D1BE93992D0E}.Debug|Any CPU.Build.0 = Debug|Any CPU
		{BA8E8ACF-ECB0-4617-9E09-D1BE93992D0E}.Release|Any CPU.ActiveCfg = Release|Any CPU
		{BA8E8ACF-ECB0-4617-9E09-D1BE93992D0E}.Release|Any CPU.Build.0 = Release|Any CPU
		{3D3D6700-C625-46C5-9702-5F010A8DD035}.Debug|Any CPU.ActiveCfg = Debug|Any CPU
		{3D3D6700-C625-46C5-9702-5F010A8DD035}.Debug|Any CPU.Build.0 = Debug|Any CPU
		{3D3D6700-C625-46C5-9702-5F010A8DD035}.Release|Any CPU.ActiveCfg = Release|Any CPU
		{3D3D6700-C625-46C5-9702-5F010A8DD035}.Release|Any CPU.Build.0 = Release|Any CPU
		{B7558590-3C43-4946-B8D5-B99D3F68E450}.Debug|Any CPU.ActiveCfg = Debug|Any CPU
		{B7558590-3C43-4946-B8D5-B99D3F68E450}.Debug|Any CPU.Build.0 = Debug|Any CPU
		{B7558590-3C43-4946-B8D5-B99D3F68E450}.Release|Any CPU.ActiveCfg = Release|Any CPU
		{B7558590-3C43-4946-B8D5-B99D3F68E450}.Release|Any CPU.Build.0 = Release|Any CPU
		{E95BE5DC-A197-4657-87DC-A2D677EADB76}.Debug|Any CPU.ActiveCfg = Debug|Any CPU
		{E95BE5DC-A197-4657-87DC-A2D677EADB76}.Debug|Any CPU.Build.0 = Debug|Any CPU
		{E95BE5DC-A197-4657-87DC-A2D677EADB76}.Release|Any CPU.ActiveCfg = Release|Any CPU
		{E95BE5DC-A197-4657-87DC-A2D677EADB76}.Release|Any CPU.Build.0 = Release|Any CPU
		{A869EC36-67D2-4A36-95E9-0B1E7350928F}.Debug|Any CPU.ActiveCfg = Debug|Any CPU
		{A869EC36-67D2-4A36-95E9-0B1E7350928F}.Debug|Any CPU.Build.0 = Debug|Any CPU
		{A869EC36-67D2-4A36-95E9-0B1E7350928F}.Release|Any CPU.ActiveCfg = Release|Any CPU
		{A869EC36-67D2-4A36-95E9-0B1E7350928F}.Release|Any CPU.Build.0 = Release|Any CPU
		{7BAFF136-4379-4D1D-A554-7DC340CAF7A2}.Debug|Any CPU.ActiveCfg = Debug|Any CPU
		{7BAFF136-4379-4D1D-A554-7DC340CAF7A2}.Debug|Any CPU.Build.0 = Debug|Any CPU
		{7BAFF136-4379-4D1D-A554-7DC340CAF7A2}.Release|Any CPU.ActiveCfg = Release|Any CPU
		{7BAFF136-4379-4D1D-A554-7DC340CAF7A2}.Release|Any CPU.Build.0 = Release|Any CPU
		{65A8E08B-8FE2-4C4C-9679-D150BA2015C9}.Debug|Any CPU.ActiveCfg = Debug|Any CPU
		{65A8E08B-8FE2-4C4C-9679-D150BA2015C9}.Debug|Any CPU.Build.0 = Debug|Any CPU
		{65A8E08B-8FE2-4C4C-9679-D150BA2015C9}.Release|Any CPU.ActiveCfg = Release|Any CPU
		{65A8E08B-8FE2-4C4C-9679-D150BA2015C9}.Release|Any CPU.Build.0 = Release|Any CPU
		{BABA2CB7-6EFE-4B1B-9324-74CBCBACF257}.Debug|Any CPU.ActiveCfg = Debug|Any CPU
		{BABA2CB7-6EFE-4B1B-9324-74CBCBACF257}.Debug|Any CPU.Build.0 = Debug|Any CPU
		{BABA2CB7-6EFE-4B1B-9324-74CBCBACF257}.Release|Any CPU.ActiveCfg = Release|Any CPU
		{BABA2CB7-6EFE-4B1B-9324-74CBCBACF257}.Release|Any CPU.Build.0 = Release|Any CPU
		{F22749B2-E35B-455D-BD8D-081373B16FC7}.Debug|Any CPU.ActiveCfg = Debug|Any CPU
		{F22749B2-E35B-455D-BD8D-081373B16FC7}.Debug|Any CPU.Build.0 = Debug|Any CPU
		{F22749B2-E35B-455D-BD8D-081373B16FC7}.Release|Any CPU.ActiveCfg = Release|Any CPU
		{F22749B2-E35B-455D-BD8D-081373B16FC7}.Release|Any CPU.Build.0 = Release|Any CPU
		{8984DB2F-4849-4F5B-915C-CE69537E93A8}.Debug|Any CPU.ActiveCfg = Debug|Any CPU
		{8984DB2F-4849-4F5B-915C-CE69537E93A8}.Debug|Any CPU.Build.0 = Debug|Any CPU
		{8984DB2F-4849-4F5B-915C-CE69537E93A8}.Release|Any CPU.ActiveCfg = Release|Any CPU
		{8984DB2F-4849-4F5B-915C-CE69537E93A8}.Release|Any CPU.Build.0 = Release|Any CPU
		{3E194A95-AC31-43D0-B93D-64164402A6DD}.Debug|Any CPU.ActiveCfg = Debug|Any CPU
		{3E194A95-AC31-43D0-B93D-64164402A6DD}.Debug|Any CPU.Build.0 = Debug|Any CPU
		{3E194A95-AC31-43D0-B93D-64164402A6DD}.Release|Any CPU.ActiveCfg = Release|Any CPU
		{3E194A95-AC31-43D0-B93D-64164402A6DD}.Release|Any CPU.Build.0 = Release|Any CPU
		{45929A9F-7D94-4E85-9332-6CB7B2D5A03A}.Debug|Any CPU.ActiveCfg = Debug|Any CPU
		{45929A9F-7D94-4E85-9332-6CB7B2D5A03A}.Debug|Any CPU.Build.0 = Debug|Any CPU
		{45929A9F-7D94-4E85-9332-6CB7B2D5A03A}.Release|Any CPU.ActiveCfg = Release|Any CPU
		{45929A9F-7D94-4E85-9332-6CB7B2D5A03A}.Release|Any CPU.Build.0 = Release|Any CPU
		{5D124360-C8FB-4779-958B-0DA5D6B90C29}.Debug|Any CPU.ActiveCfg = Debug|Any CPU
		{5D124360-C8FB-4779-958B-0DA5D6B90C29}.Debug|Any CPU.Build.0 = Debug|Any CPU
		{5D124360-C8FB-4779-958B-0DA5D6B90C29}.Release|Any CPU.ActiveCfg = Release|Any CPU
		{5D124360-C8FB-4779-958B-0DA5D6B90C29}.Release|Any CPU.Build.0 = Release|Any CPU
		{C776EE5A-1795-439B-BB7D-9AB1B20EEAC4}.Debug|Any CPU.ActiveCfg = Debug|Any CPU
		{C776EE5A-1795-439B-BB7D-9AB1B20EEAC4}.Debug|Any CPU.Build.0 = Debug|Any CPU
		{C776EE5A-1795-439B-BB7D-9AB1B20EEAC4}.Release|Any CPU.ActiveCfg = Release|Any CPU
		{C776EE5A-1795-439B-BB7D-9AB1B20EEAC4}.Release|Any CPU.Build.0 = Release|Any CPU
		{08451B0A-4E72-4B12-B422-B36E9047DCAF}.Debug|Any CPU.ActiveCfg = Debug|Any CPU
		{08451B0A-4E72-4B12-B422-B36E9047DCAF}.Debug|Any CPU.Build.0 = Debug|Any CPU
		{08451B0A-4E72-4B12-B422-B36E9047DCAF}.Release|Any CPU.ActiveCfg = Release|Any CPU
		{08451B0A-4E72-4B12-B422-B36E9047DCAF}.Release|Any CPU.Build.0 = Release|Any CPU
		{2A0710B2-B71B-4959-88DA-0940100E172A}.Debug|Any CPU.ActiveCfg = Debug|Any CPU
		{2A0710B2-B71B-4959-88DA-0940100E172A}.Debug|Any CPU.Build.0 = Debug|Any CPU
		{2A0710B2-B71B-4959-88DA-0940100E172A}.Release|Any CPU.ActiveCfg = Release|Any CPU
		{2A0710B2-B71B-4959-88DA-0940100E172A}.Release|Any CPU.Build.0 = Release|Any CPU
	EndGlobalSection
	GlobalSection(NestedProjects) = preSolution
		{7DC70497-54DD-4ECF-B88E-5AE36DFEFE39} = {76B90BB6-7148-482C-A624-4E4669AAC405}
		{E2228A2B-4883-4DD8-8A05-23501F7B8A33} = {76B90BB6-7148-482C-A624-4E4669AAC405}
		{1BF2A638-420D-456C-96A7-36873A0FB894} = {845E119F-7C74-4386-8E4D-FC0014D86D34}
		{5EF2A7DA-3886-4809-95DF-880BD783A211} = {76B90BB6-7148-482C-A624-4E4669AAC405}
		{C01AE5A4-3CFF-4C7B-884D-45B07ACDE761} = {76B90BB6-7148-482C-A624-4E4669AAC405}
		{BA8E8ACF-ECB0-4617-9E09-D1BE93992D0E} = {76B90BB6-7148-482C-A624-4E4669AAC405}
		{3D3D6700-C625-46C5-9702-5F010A8DD035} = {76B90BB6-7148-482C-A624-4E4669AAC405}
		{B7558590-3C43-4946-B8D5-B99D3F68E450} = {76B90BB6-7148-482C-A624-4E4669AAC405}
		{E95BE5DC-A197-4657-87DC-A2D677EADB76} = {76B90BB6-7148-482C-A624-4E4669AAC405}
		{A869EC36-67D2-4A36-95E9-0B1E7350928F} = {76B90BB6-7148-482C-A624-4E4669AAC405}
		{7BAFF136-4379-4D1D-A554-7DC340CAF7A2} = {76B90BB6-7148-482C-A624-4E4669AAC405}
		{65A8E08B-8FE2-4C4C-9679-D150BA2015C9} = {B9D9C05D-21A4-4061-9DDD-D946544BCBAA}
		{BABA2CB7-6EFE-4B1B-9324-74CBCBACF257} = {76B90BB6-7148-482C-A624-4E4669AAC405}
		{F22749B2-E35B-455D-BD8D-081373B16FC7} = {76B90BB6-7148-482C-A624-4E4669AAC405}
		{8984DB2F-4849-4F5B-915C-CE69537E93A8} = {76B90BB6-7148-482C-A624-4E4669AAC405}
		{3E194A95-AC31-43D0-B93D-64164402A6DD} = {76B90BB6-7148-482C-A624-4E4669AAC405}
		{45929A9F-7D94-4E85-9332-6CB7B2D5A03A} = {76B90BB6-7148-482C-A624-4E4669AAC405}
		{5D124360-C8FB-4779-958B-0DA5D6B90C29} = {76B90BB6-7148-482C-A624-4E4669AAC405}
		{C776EE5A-1795-439B-BB7D-9AB1B20EEAC4} = {76B90BB6-7148-482C-A624-4E4669AAC405}
		{08451B0A-4E72-4B12-B422-B36E9047DCAF} = {76B90BB6-7148-482C-A624-4E4669AAC405}
		{2A0710B2-B71B-4959-88DA-0940100E172A} = {76B90BB6-7148-482C-A624-4E4669AAC405}
	EndGlobalSection
EndGlobal
